// !$*UTF8*$!
{
	archiveVersion = 1;
	classes = {
	};
	objectVersion = 46;
	objects = {

/* Begin PBXBuildFile section */
		E531735415E6A0AD0085ACD5 /* UIKit.framework in Frameworks */ = {isa = PBXBuildFile; fileRef = E531735315E6A0AD0085ACD5 /* UIKit.framework */; };
		E531735615E6A0AD0085ACD5 /* Foundation.framework in Frameworks */ = {isa = PBXBuildFile; fileRef = E531735515E6A0AD0085ACD5 /* Foundation.framework */; };
		E531735815E6A0AD0085ACD5 /* CoreGraphics.framework in Frameworks */ = {isa = PBXBuildFile; fileRef = E531735715E6A0AD0085ACD5 /* CoreGraphics.framework */; };
		E55BD07415EB5E68008882CA /* AppDelegate.m in Sources */ = {isa = PBXBuildFile; fileRef = E55BD06D15EB5E68008882CA /* AppDelegate.m */; };
		E55BD07515EB5E68008882CA /* ViewController.m in Sources */ = {isa = PBXBuildFile; fileRef = E55BD07315EB5E68008882CA /* ViewController.m */; };
		E55BD07D15EB5EA8008882CA /* InfoPlist.strings in Resources */ = {isa = PBXBuildFile; fileRef = E55BD07615EB5EA8008882CA /* InfoPlist.strings */; };
		E55BD07E15EB5EA8008882CA /* ViewController.xib in Resources */ = {isa = PBXBuildFile; fileRef = E55BD07815EB5EA8008882CA /* ViewController.xib */; };
		E55BD07F15EB5EA8008882CA /* main.m in Sources */ = {isa = PBXBuildFile; fileRef = E55BD07A15EB5EA8008882CA /* main.m */; };
		E55BD08015EB5EA8008882CA /* top2000-Info.plist in Resources */ = {isa = PBXBuildFile; fileRef = E55BD07B15EB5EA8008882CA /* top2000-Info.plist */; };
		E55BD0B215EB5F39008882CA /* answer_btn.png in Resources */ = {isa = PBXBuildFile; fileRef = E55BD08415EB5F39008882CA /* answer_btn.png */; };
		E55BD0B315EB5F39008882CA /* answer_btn@2x.png in Resources */ = {isa = PBXBuildFile; fileRef = E55BD08515EB5F39008882CA /* answer_btn@2x.png */; };
		E55BD0B415EB5F39008882CA /* block_bottom.png in Resources */ = {isa = PBXBuildFile; fileRef = E55BD08615EB5F39008882CA /* block_bottom.png */; };
		E55BD0B515EB5F39008882CA /* block_bottom@2x.png in Resources */ = {isa = PBXBuildFile; fileRef = E55BD08715EB5F39008882CA /* block_bottom@2x.png */; };
		E55BD0B615EB5F39008882CA /* block_full.png in Resources */ = {isa = PBXBuildFile; fileRef = E55BD08815EB5F39008882CA /* block_full.png */; };
		E55BD0B715EB5F39008882CA /* block_full@2x.png in Resources */ = {isa = PBXBuildFile; fileRef = E55BD08915EB5F39008882CA /* block_full@2x.png */; };
		E55BD0B815EB5F39008882CA /* block_left.png in Resources */ = {isa = PBXBuildFile; fileRef = E55BD08A15EB5F39008882CA /* block_left.png */; };
		E55BD0B915EB5F39008882CA /* block_left@2x.png in Resources */ = {isa = PBXBuildFile; fileRef = E55BD08B15EB5F39008882CA /* block_left@2x.png */; };
		E55BD0BA15EB5F39008882CA /* block_right.png in Resources */ = {isa = PBXBuildFile; fileRef = E55BD08C15EB5F39008882CA /* block_right.png */; };
		E55BD0BB15EB5F39008882CA /* block_right@2x.png in Resources */ = {isa = PBXBuildFile; fileRef = E55BD08D15EB5F39008882CA /* block_right@2x.png */; };
		E55BD0BC15EB5F39008882CA /* block_top.png in Resources */ = {isa = PBXBuildFile; fileRef = E55BD08E15EB5F39008882CA /* block_top.png */; };
		E55BD0BD15EB5F39008882CA /* block_top@2x.png in Resources */ = {isa = PBXBuildFile; fileRef = E55BD08F15EB5F39008882CA /* block_top@2x.png */; };
		E55BD0BE15EB5F39008882CA /* cover_background.png in Resources */ = {isa = PBXBuildFile; fileRef = E55BD09015EB5F39008882CA /* cover_background.png */; };
		E55BD0BF15EB5F39008882CA /* cover_background@2x.png in Resources */ = {isa = PBXBuildFile; fileRef = E55BD09115EB5F39008882CA /* cover_background@2x.png */; };
		E55BD0C015EB5F39008882CA /* direstraits.png in Resources */ = {isa = PBXBuildFile; fileRef = E55BD09215EB5F39008882CA /* direstraits.png */; };
		E55BD0C115EB5F39008882CA /* direstraits@2x.png in Resources */ = {isa = PBXBuildFile; fileRef = E55BD09315EB5F39008882CA /* direstraits@2x.png */; };
		E55BD0C215EB5F39008882CA /* doorvraag_background.png in Resources */ = {isa = PBXBuildFile; fileRef = E55BD09415EB5F39008882CA /* doorvraag_background.png */; };
		E55BD0C315EB5F39008882CA /* doorvraag_background@2x.png in Resources */ = {isa = PBXBuildFile; fileRef = E55BD09515EB5F39008882CA /* doorvraag_background@2x.png */; };
		E55BD0C415EB5F39008882CA /* hints_background.png in Resources */ = {isa = PBXBuildFile; fileRef = E55BD09615EB5F39008882CA /* hints_background.png */; };
		E55BD0C515EB5F39008882CA /* hints_background@2x.png in Resources */ = {isa = PBXBuildFile; fileRef = E55BD09715EB5F39008882CA /* hints_background@2x.png */; };
		E55BD0C615EB5F39008882CA /* hitfragement_background.png in Resources */ = {isa = PBXBuildFile; fileRef = E55BD09815EB5F39008882CA /* hitfragement_background.png */; };
		E55BD0C715EB5F39008882CA /* hitfragement_background@2x.png in Resources */ = {isa = PBXBuildFile; fileRef = E55BD09915EB5F39008882CA /* hitfragement_background@2x.png */; };
		E55BD0C815EB5F39008882CA /* logo_radio2.png in Resources */ = {isa = PBXBuildFile; fileRef = E55BD09A15EB5F39008882CA /* logo_radio2.png */; };
		E55BD0C915EB5F39008882CA /* logo_radio2@2x.png in Resources */ = {isa = PBXBuildFile; fileRef = E55BD09B15EB5F39008882CA /* logo_radio2@2x.png */; };
		E55BD0CA15EB5F39008882CA /* logo_top2000.png in Resources */ = {isa = PBXBuildFile; fileRef = E55BD09C15EB5F39008882CA /* logo_top2000.png */; };
		E55BD0CB15EB5F39008882CA /* logo_top2000@2x.png in Resources */ = {isa = PBXBuildFile; fileRef = E55BD09D15EB5F39008882CA /* logo_top2000@2x.png */; };
		E55BD0CC15EB5F39008882CA /* picture.png in Resources */ = {isa = PBXBuildFile; fileRef = E55BD09E15EB5F39008882CA /* picture.png */; };
		E55BD0CD15EB5F39008882CA /* picture@2x.png in Resources */ = {isa = PBXBuildFile; fileRef = E55BD09F15EB5F39008882CA /* picture@2x.png */; };
		E55BD0CE15EB5F39008882CA /* picture_background.png in Resources */ = {isa = PBXBuildFile; fileRef = E55BD0A015EB5F39008882CA /* picture_background.png */; };
		E55BD0CF15EB5F39008882CA /* picture_background@2x.png in Resources */ = {isa = PBXBuildFile; fileRef = E55BD0A115EB5F39008882CA /* picture_background@2x.png */; };
		E55BD0D015EB5F39008882CA /* play.btn.png in Resources */ = {isa = PBXBuildFile; fileRef = E55BD0A215EB5F39008882CA /* play.btn.png */; };
		E55BD0D115EB5F39008882CA /* play.btn@2x.png in Resources */ = {isa = PBXBuildFile; fileRef = E55BD0A315EB5F39008882CA /* play.btn@2x.png */; };
		E55BD0D215EB5F39008882CA /* popquiz_background.png in Resources */ = {isa = PBXBuildFile; fileRef = E55BD0A415EB5F39008882CA /* popquiz_background.png */; };
		E55BD0D315EB5F39008882CA /* popquiz_background@2x.png in Resources */ = {isa = PBXBuildFile; fileRef = E55BD0A515EB5F39008882CA /* popquiz_background@2x.png */; };
		E55BD0D415EB5F39008882CA /* stop_btn.png in Resources */ = {isa = PBXBuildFile; fileRef = E55BD0A615EB5F39008882CA /* stop_btn.png */; };
		E55BD0D515EB5F39008882CA /* stop_btn@2x.png in Resources */ = {isa = PBXBuildFile; fileRef = E55BD0A715EB5F39008882CA /* stop_btn@2x.png */; };
		E55BD0D615EB5F39008882CA /* volgende_btn.png in Resources */ = {isa = PBXBuildFile; fileRef = E55BD0A815EB5F39008882CA /* volgende_btn.png */; };
		E55BD0D715EB5F39008882CA /* volgende_btn@2x.png in Resources */ = {isa = PBXBuildFile; fileRef = E55BD0A915EB5F39008882CA /* volgende_btn@2x.png */; };
		E55BD0D915EB5F39008882CA /* HintsView~ipad.xib in Resources */ = {isa = PBXBuildFile; fileRef = E55BD0AC15EB5F39008882CA /* HintsView~ipad.xib */; };
		E55BD0DA15EB5F39008882CA /* HitFragmentView~ipad.xib in Resources */ = {isa = PBXBuildFile; fileRef = E55BD0AD15EB5F39008882CA /* HitFragmentView~ipad.xib */; };
		E55BD0DB15EB5F39008882CA /* MainView~ipad.xib in Resources */ = {isa = PBXBuildFile; fileRef = E55BD0AE15EB5F39008882CA /* MainView~ipad.xib */; };
		E55BD0DC15EB5F39008882CA /* PictureView~ipad.xib in Resources */ = {isa = PBXBuildFile; fileRef = E55BD0AF15EB5F39008882CA /* PictureView~ipad.xib */; };
		E55BD0DD15EB5F39008882CA /* PopQuizView~ipad.xib in Resources */ = {isa = PBXBuildFile; fileRef = E55BD0B015EB5F39008882CA /* PopQuizView~ipad.xib */; };
		E55BD0DE15EB5F39008882CA /* QuestionsView~ipad.xib in Resources */ = {isa = PBXBuildFile; fileRef = E55BD0B115EB5F39008882CA /* QuestionsView~ipad.xib */; };
		E55BD0E115EB5F7D008882CA /* CoverViewController.m in Sources */ = {isa = PBXBuildFile; fileRef = E55BD0E015EB5F7D008882CA /* CoverViewController.m */; };
		E55BD0E415EB5F98008882CA /* HintsViewController.m in Sources */ = {isa = PBXBuildFile; fileRef = E55BD0E315EB5F98008882CA /* HintsViewController.m */; };
		E55BD0E715EB5FAF008882CA /* MainViewController.m in Sources */ = {isa = PBXBuildFile; fileRef = E55BD0E615EB5FAF008882CA /* MainViewController.m */; };
		E55BD0EA15EB5FC2008882CA /* HitFragmentViewController.m in Sources */ = {isa = PBXBuildFile; fileRef = E55BD0E915EB5FC2008882CA /* HitFragmentViewController.m */; };
		E55BD0ED15EB5FD3008882CA /* PictureViewController.m in Sources */ = {isa = PBXBuildFile; fileRef = E55BD0EC15EB5FD3008882CA /* PictureViewController.m */; };
		E55BD0F015EB5FE6008882CA /* PopQuizViewController.m in Sources */ = {isa = PBXBuildFile; fileRef = E55BD0EF15EB5FE6008882CA /* PopQuizViewController.m */; };
		E55BD0F315EB5FF9008882CA /* QuestionsViewController.m in Sources */ = {isa = PBXBuildFile; fileRef = E55BD0F215EB5FF9008882CA /* QuestionsViewController.m */; };
		E55BD0FD15EB6547008882CA /* BugSense-iOS.framework in Frameworks */ = {isa = PBXBuildFile; fileRef = E55BD0FC15EB6547008882CA /* BugSense-iOS.framework */; };
		E55BD10015EB65FC008882CA /* SystemConfiguration.framework in Frameworks */ = {isa = PBXBuildFile; fileRef = E55BD0FF15EB65FC008882CA /* SystemConfiguration.framework */; };
		E55BD15615ECACCA008882CA /* doorvraag.json in Resources */ = {isa = PBXBuildFile; fileRef = E55BD15115ECACCA008882CA /* doorvraag.json */; };
		E55BD15715ECACCA008882CA /* hints.json in Resources */ = {isa = PBXBuildFile; fileRef = E55BD15215ECACCA008882CA /* hints.json */; };
		E55BD15815ECACCA008882CA /* hitfragmenten.json in Resources */ = {isa = PBXBuildFile; fileRef = E55BD15315ECACCA008882CA /* hitfragmenten.json */; };
		E55BD15915ECACCA008882CA /* hoezen.json in Resources */ = {isa = PBXBuildFile; fileRef = E55BD15415ECACCA008882CA /* hoezen.json */; };
		E55BD15A15ECACCA008882CA /* popquizvragen.json in Resources */ = {isa = PBXBuildFile; fileRef = E55BD15515ECACCA008882CA /* popquizvragen.json */; };
		E55BD17515ECAE4D008882CA /* NSObject+SBJson.m in Sources */ = {isa = PBXBuildFile; fileRef = E55BD15D15ECAE4D008882CA /* NSObject+SBJson.m */; };
		E55BD17615ECAE4D008882CA /* SBJsonParser.m in Sources */ = {isa = PBXBuildFile; fileRef = E55BD16015ECAE4D008882CA /* SBJsonParser.m */; };
		E55BD17715ECAE4D008882CA /* SBJsonStreamParser.m in Sources */ = {isa = PBXBuildFile; fileRef = E55BD16215ECAE4D008882CA /* SBJsonStreamParser.m */; };
		E55BD17815ECAE4D008882CA /* SBJsonStreamParserAccumulator.m in Sources */ = {isa = PBXBuildFile; fileRef = E55BD16415ECAE4D008882CA /* SBJsonStreamParserAccumulator.m */; };
		E55BD17915ECAE4D008882CA /* SBJsonStreamParserAdapter.m in Sources */ = {isa = PBXBuildFile; fileRef = E55BD16615ECAE4D008882CA /* SBJsonStreamParserAdapter.m */; };
		E55BD17A15ECAE4D008882CA /* SBJsonStreamParserState.m in Sources */ = {isa = PBXBuildFile; fileRef = E55BD16815ECAE4D008882CA /* SBJsonStreamParserState.m */; };
		E55BD17B15ECAE4D008882CA /* SBJsonStreamWriter.m in Sources */ = {isa = PBXBuildFile; fileRef = E55BD16A15ECAE4D008882CA /* SBJsonStreamWriter.m */; };
		E55BD17C15ECAE4D008882CA /* SBJsonStreamWriterAccumulator.m in Sources */ = {isa = PBXBuildFile; fileRef = E55BD16C15ECAE4D008882CA /* SBJsonStreamWriterAccumulator.m */; };
		E55BD17D15ECAE4D008882CA /* SBJsonStreamWriterState.m in Sources */ = {isa = PBXBuildFile; fileRef = E55BD16E15ECAE4D008882CA /* SBJsonStreamWriterState.m */; };
		E55BD17E15ECAE4D008882CA /* SBJsonTokeniser.m in Sources */ = {isa = PBXBuildFile; fileRef = E55BD17015ECAE4D008882CA /* SBJsonTokeniser.m */; };
		E55BD17F15ECAE4D008882CA /* SBJsonUTF8Stream.m in Sources */ = {isa = PBXBuildFile; fileRef = E55BD17215ECAE4D008882CA /* SBJsonUTF8Stream.m */; };
		E55BD18015ECAE4D008882CA /* SBJsonWriter.m in Sources */ = {isa = PBXBuildFile; fileRef = E55BD17415ECAE4D008882CA /* SBJsonWriter.m */; };
		E55BD18315ECAEE4008882CA /* DataController.m in Sources */ = {isa = PBXBuildFile; fileRef = E55BD18215ECAEE4008882CA /* DataController.m */; };
		E55BD19315ECBA5F008882CA /* Doorvraag.m in Sources */ = {isa = PBXBuildFile; fileRef = E55BD19215ECBA5F008882CA /* Doorvraag.m */; };
		E55BD19615ECC306008882CA /* Hint.m in Sources */ = {isa = PBXBuildFile; fileRef = E55BD19515ECC306008882CA /* Hint.m */; };
		E55BD19915ECC5AB008882CA /* HitFragment.m in Sources */ = {isa = PBXBuildFile; fileRef = E55BD19815ECC5AB008882CA /* HitFragment.m */; };
		E55BD19C15ECC69F008882CA /* Hoes.m in Sources */ = {isa = PBXBuildFile; fileRef = E55BD19B15ECC69F008882CA /* Hoes.m */; };
		E55BD19F15ECC737008882CA /* PopQuizVraag.m in Sources */ = {isa = PBXBuildFile; fileRef = E55BD19E15ECC736008882CA /* PopQuizVraag.m */; };
		E55BD1B615ECCB8D008882CA /* GameController.m in Sources */ = {isa = PBXBuildFile; fileRef = E55BD1B515ECCB8D008882CA /* GameController.m */; };
		E5C7DE9515ED563C0088385A /* CoverView~ipad.xib in Resources */ = {isa = PBXBuildFile; fileRef = E5C7DE9315ED563C0088385A /* CoverView~ipad.xib */; };
		E5C7DE9615ED563C0088385A /* StartView~ipad.xib in Resources */ = {isa = PBXBuildFile; fileRef = E5C7DE9415ED563C0088385A /* StartView~ipad.xib */; };
		E5C7DED215ED56C50088385A /* abba.png in Resources */ = {isa = PBXBuildFile; fileRef = E5C7DE9815ED56C50088385A /* abba.png */; };
		E5C7DED315ED56C50088385A /* abba@2x.png in Resources */ = {isa = PBXBuildFile; fileRef = E5C7DE9915ED56C50088385A /* abba@2x.png */; };
		E5C7DED415ED56C50088385A /* allman_brothers.png in Resources */ = {isa = PBXBuildFile; fileRef = E5C7DE9A15ED56C50088385A /* allman_brothers.png */; };
		E5C7DED515ED56C50088385A /* allman_brothers@2x.png in Resources */ = {isa = PBXBuildFile; fileRef = E5C7DE9B15ED56C50088385A /* allman_brothers@2x.png */; };
		E5C7DED615ED56C50088385A /* amy_whinehouse.png in Resources */ = {isa = PBXBuildFile; fileRef = E5C7DE9C15ED56C50088385A /* amy_whinehouse.png */; };
		E5C7DED715ED56C50088385A /* amy_whinehouse@2x.png in Resources */ = {isa = PBXBuildFile; fileRef = E5C7DE9D15ED56C50088385A /* amy_whinehouse@2x.png */; };
		E5C7DED815ED56C50088385A /* bdg.png in Resources */ = {isa = PBXBuildFile; fileRef = E5C7DE9E15ED56C50088385A /* bdg.png */; };
		E5C7DED915ED56C50088385A /* bdg@2x.png in Resources */ = {isa = PBXBuildFile; fileRef = E5C7DE9F15ED56C50088385A /* bdg@2x.png */; };
		E5C7DEDA15ED56C50088385A /* bonjovi.png in Resources */ = {isa = PBXBuildFile; fileRef = E5C7DEA015ED56C50088385A /* bonjovi.png */; };
		E5C7DEDB15ED56C50088385A /* bonjovi@2x.png in Resources */ = {isa = PBXBuildFile; fileRef = E5C7DEA115ED56C50088385A /* bonjovi@2x.png */; };
		E5C7DEDC15ED56C50088385A /* caro_emerald.png in Resources */ = {isa = PBXBuildFile; fileRef = E5C7DEA215ED56C50088385A /* caro_emerald.png */; };
		E5C7DEDD15ED56C50088385A /* caro_emerald@2x.png in Resources */ = {isa = PBXBuildFile; fileRef = E5C7DEA315ED56C50088385A /* caro_emerald@2x.png */; };
		E5C7DEDE15ED56C50088385A /* clapton.png in Resources */ = {isa = PBXBuildFile; fileRef = E5C7DEA415ED56C50088385A /* clapton.png */; };
		E5C7DEDF15ED56C50088385A /* clapton@2x.png in Resources */ = {isa = PBXBuildFile; fileRef = E5C7DEA515ED56C50088385A /* clapton@2x.png */; };
		E5C7DEE015ED56C50088385A /* commodores.png in Resources */ = {isa = PBXBuildFile; fileRef = E5C7DEA615ED56C50088385A /* commodores.png */; };
		E5C7DEE115ED56C50088385A /* commodores@2x.png in Resources */ = {isa = PBXBuildFile; fileRef = E5C7DEA715ED56C50088385A /* commodores@2x.png */; };
		E5C7DEE215ED56C50088385A /* david_bowie.png in Resources */ = {isa = PBXBuildFile; fileRef = E5C7DEA815ED56C50088385A /* david_bowie.png */; };
		E5C7DEE315ED56C50088385A /* david_bowie@2x.png in Resources */ = {isa = PBXBuildFile; fileRef = E5C7DEA915ED56C50088385A /* david_bowie@2x.png */; };
		E5C7DEE415ED56C50088385A /* elton_john.png in Resources */ = {isa = PBXBuildFile; fileRef = E5C7DEAA15ED56C50088385A /* elton_john.png */; };
		E5C7DEE515ED56C50088385A /* elton_john@2x.png in Resources */ = {isa = PBXBuildFile; fileRef = E5C7DEAB15ED56C50088385A /* elton_john@2x.png */; };
		E5C7DEE615ED56C50088385A /* golden_earring.png in Resources */ = {isa = PBXBuildFile; fileRef = E5C7DEAC15ED56C50088385A /* golden_earring.png */; };
		E5C7DEE715ED56C50088385A /* golden_earring@2x.png in Resources */ = {isa = PBXBuildFile; fileRef = E5C7DEAD15ED56C50088385A /* golden_earring@2x.png */; };
		E5C7DEE815ED56C50088385A /* gunsnroses.png in Resources */ = {isa = PBXBuildFile; fileRef = E5C7DEAE15ED56C50088385A /* gunsnroses.png */; };
		E5C7DEE915ED56C50088385A /* gunsnroses@2x.png in Resources */ = {isa = PBXBuildFile; fileRef = E5C7DEAF15ED56C50088385A /* gunsnroses@2x.png */; };
		E5C7DEEA15ED56C50088385A /* guus_meeuwis.png in Resources */ = {isa = PBXBuildFile; fileRef = E5C7DEB015ED56C50088385A /* guus_meeuwis.png */; };
		E5C7DEEB15ED56C50088385A /* guus_meeuwis@2x.png in Resources */ = {isa = PBXBuildFile; fileRef = E5C7DEB115ED56C50088385A /* guus_meeuwis@2x.png */; };
		E5C7DEEC15ED56C50088385A /* ilse_delange.png in Resources */ = {isa = PBXBuildFile; fileRef = E5C7DEB215ED56C50088385A /* ilse_delange.png */; };
		E5C7DEED15ED56C50088385A /* ilse_delange@2x.png in Resources */ = {isa = PBXBuildFile; fileRef = E5C7DEB315ED56C50088385A /* ilse_delange@2x.png */; };
		E5C7DEEE15ED56C50088385A /* james_brown.png in Resources */ = {isa = PBXBuildFile; fileRef = E5C7DEB415ED56C50088385A /* james_brown.png */; };
		E5C7DEEF15ED56C50088385A /* james_brown@2x.png in Resources */ = {isa = PBXBuildFile; fileRef = E5C7DEB515ED56C50088385A /* james_brown@2x.png */; };
		E5C7DEF015ED56C50088385A /* kiss.png in Resources */ = {isa = PBXBuildFile; fileRef = E5C7DEB615ED56C50088385A /* kiss.png */; };
		E5C7DEF115ED56C50088385A /* kiss@2x.png in Resources */ = {isa = PBXBuildFile; fileRef = E5C7DEB715ED56C50088385A /* kiss@2x.png */; };
		E5C7DEF215ED56C50088385A /* marco_borsato.png in Resources */ = {isa = PBXBuildFile; fileRef = E5C7DEB815ED56C50088385A /* marco_borsato.png */; };
		E5C7DEF315ED56C50088385A /* marco_borsato@2x.png in Resources */ = {isa = PBXBuildFile; fileRef = E5C7DEB915ED56C50088385A /* marco_borsato@2x.png */; };
		E5C7DEF415ED56C50088385A /* mark_knopfler.png in Resources */ = {isa = PBXBuildFile; fileRef = E5C7DEBA15ED56C50088385A /* mark_knopfler.png */; };
		E5C7DEF515ED56C50088385A /* mark_knopfler@2x.png in Resources */ = {isa = PBXBuildFile; fileRef = E5C7DEBB15ED56C50088385A /* mark_knopfler@2x.png */; };
		E5C7DEF615ED56C50088385A /* marvin_gaye.png in Resources */ = {isa = PBXBuildFile; fileRef = E5C7DEBC15ED56C50088385A /* marvin_gaye.png */; };
		E5C7DEF715ED56C50088385A /* marvin_gaye@2x.png in Resources */ = {isa = PBXBuildFile; fileRef = E5C7DEBD15ED56C50088385A /* marvin_gaye@2x.png */; };
		E5C7DEF815ED56C50088385A /* queen.png in Resources */ = {isa = PBXBuildFile; fileRef = E5C7DEBE15ED56C50088385A /* queen.png */; };
		E5C7DEF915ED56C50088385A /* queen@2x.png in Resources */ = {isa = PBXBuildFile; fileRef = E5C7DEBF15ED56C50088385A /* queen@2x.png */; };
		E5C7DEFA15ED56C50088385A /* radio2_logo_start.png in Resources */ = {isa = PBXBuildFile; fileRef = E5C7DEC015ED56C50088385A /* radio2_logo_start.png */; };
		E5C7DEFB15ED56C50088385A /* radio2_logo_start@2x.png in Resources */ = {isa = PBXBuildFile; fileRef = E5C7DEC115ED56C50088385A /* radio2_logo_start@2x.png */; };
		E5C7DEFC15ED56C50088385A /* single.png in Resources */ = {isa = PBXBuildFile; fileRef = E5C7DEC215ED56C50088385A /* single.png */; };
		E5C7DEFD15ED56C50088385A /* single@2x.png in Resources */ = {isa = PBXBuildFile; fileRef = E5C7DEC315ED56C50088385A /* single@2x.png */; };
		E5C7DEFE15ED56C50088385A /* start.png in Resources */ = {isa = PBXBuildFile; fileRef = E5C7DEC415ED56C50088385A /* start.png */; };
		E5C7DEFF15ED56C50088385A /* start@2x.png in Resources */ = {isa = PBXBuildFile; fileRef = E5C7DEC515ED56C50088385A /* start@2x.png */; };
		E5C7DF0015ED56C50088385A /* stevie_wonder.png in Resources */ = {isa = PBXBuildFile; fileRef = E5C7DEC615ED56C50088385A /* stevie_wonder.png */; };
		E5C7DF0115ED56C50088385A /* stevie_wonder@2x.png in Resources */ = {isa = PBXBuildFile; fileRef = E5C7DEC715ED56C50088385A /* stevie_wonder@2x.png */; };
		E5C7DF0215ED56C50088385A /* sting.png in Resources */ = {isa = PBXBuildFile; fileRef = E5C7DEC815ED56C50088385A /* sting.png */; };
		E5C7DF0315ED56C50088385A /* sting@2x.png in Resources */ = {isa = PBXBuildFile; fileRef = E5C7DEC915ED56C50088385A /* sting@2x.png */; };
		E5C7DF0415ED56C50088385A /* the_who.png in Resources */ = {isa = PBXBuildFile; fileRef = E5C7DECA15ED56C50088385A /* the_who.png */; };
		E5C7DF0515ED56C50088385A /* the_who@2x.png in Resources */ = {isa = PBXBuildFile; fileRef = E5C7DECB15ED56C50088385A /* the_who@2x.png */; };
		E5C7DF0615ED56C50088385A /* top2000_logo_start.png in Resources */ = {isa = PBXBuildFile; fileRef = E5C7DECC15ED56C50088385A /* top2000_logo_start.png */; };
		E5C7DF0715ED56C50088385A /* top2000_logo_start@2x.png in Resources */ = {isa = PBXBuildFile; fileRef = E5C7DECD15ED56C50088385A /* top2000_logo_start@2x.png */; };
		E5C7DF0815ED56C50088385A /* u2.png in Resources */ = {isa = PBXBuildFile; fileRef = E5C7DECE15ED56C50088385A /* u2.png */; };
		E5C7DF0915ED56C50088385A /* u2@2x.png in Resources */ = {isa = PBXBuildFile; fileRef = E5C7DECF15ED56C50088385A /* u2@2x.png */; };
		E5C7DF0A15ED56C50088385A /* whitney_houston.png in Resources */ = {isa = PBXBuildFile; fileRef = E5C7DED015ED56C50088385A /* whitney_houston.png */; };
		E5C7DF0B15ED56C50088385A /* whitney_houston@2x.png in Resources */ = {isa = PBXBuildFile; fileRef = E5C7DED115ED56C50088385A /* whitney_houston@2x.png */; };
		E5C7DF0E15ED58310088385A /* donna_summer.png in Resources */ = {isa = PBXBuildFile; fileRef = E5C7DF0C15ED58310088385A /* donna_summer.png */; };
		E5C7DF0F15ED58310088385A /* donna_summer@2x.png in Resources */ = {isa = PBXBuildFile; fileRef = E5C7DF0D15ED58310088385A /* donna_summer@2x.png */; };
		E5C7DF1215ED61580088385A /* subtitle_start.png in Resources */ = {isa = PBXBuildFile; fileRef = E5C7DF1015ED61580088385A /* subtitle_start.png */; };
		E5C7DF1315ED61580088385A /* subtitle_start@2x.png in Resources */ = {isa = PBXBuildFile; fileRef = E5C7DF1115ED61580088385A /* subtitle_start@2x.png */; };
/* End PBXBuildFile section */

/* Begin PBXFileReference section */
		E531734F15E6A0AD0085ACD5 /* top2000.app */ = {isa = PBXFileReference; explicitFileType = wrapper.application; includeInIndex = 0; path = top2000.app; sourceTree = BUILT_PRODUCTS_DIR; };
		E531735315E6A0AD0085ACD5 /* UIKit.framework */ = {isa = PBXFileReference; lastKnownFileType = wrapper.framework; name = UIKit.framework; path = System/Library/Frameworks/UIKit.framework; sourceTree = SDKROOT; };
		E531735515E6A0AD0085ACD5 /* Foundation.framework */ = {isa = PBXFileReference; lastKnownFileType = wrapper.framework; name = Foundation.framework; path = System/Library/Frameworks/Foundation.framework; sourceTree = SDKROOT; };
		E531735715E6A0AD0085ACD5 /* CoreGraphics.framework */ = {isa = PBXFileReference; lastKnownFileType = wrapper.framework; name = CoreGraphics.framework; path = System/Library/Frameworks/CoreGraphics.framework; sourceTree = SDKROOT; };
		E55BD06C15EB5E68008882CA /* AppDelegate.h */ = {isa = PBXFileReference; fileEncoding = 4; lastKnownFileType = sourcecode.c.h; path = AppDelegate.h; sourceTree = "<group>"; };
		E55BD06D15EB5E68008882CA /* AppDelegate.m */ = {isa = PBXFileReference; fileEncoding = 4; lastKnownFileType = sourcecode.c.objc; path = AppDelegate.m; sourceTree = "<group>"; };
		E55BD07215EB5E68008882CA /* ViewController.h */ = {isa = PBXFileReference; fileEncoding = 4; lastKnownFileType = sourcecode.c.h; path = ViewController.h; sourceTree = "<group>"; };
		E55BD07315EB5E68008882CA /* ViewController.m */ = {isa = PBXFileReference; fileEncoding = 4; lastKnownFileType = sourcecode.c.objc; path = ViewController.m; sourceTree = "<group>"; };
		E55BD07715EB5EA8008882CA /* en */ = {isa = PBXFileReference; lastKnownFileType = text.plist.strings; name = en; path = top2000/en.lproj/InfoPlist.strings; sourceTree = SOURCE_ROOT; };
		E55BD07915EB5EA8008882CA /* en */ = {isa = PBXFileReference; lastKnownFileType = file.xib; name = en; path = top2000/en.lproj/ViewController.xib; sourceTree = SOURCE_ROOT; };
		E55BD07A15EB5EA8008882CA /* main.m */ = {isa = PBXFileReference; fileEncoding = 4; lastKnownFileType = sourcecode.c.objc; name = main.m; path = top2000/main.m; sourceTree = SOURCE_ROOT; };
		E55BD07B15EB5EA8008882CA /* top2000-Info.plist */ = {isa = PBXFileReference; fileEncoding = 4; lastKnownFileType = text.plist.xml; name = "top2000-Info.plist"; path = "top2000/top2000-Info.plist"; sourceTree = SOURCE_ROOT; };
		E55BD07C15EB5EA8008882CA /* top2000-Prefix.pch */ = {isa = PBXFileReference; fileEncoding = 4; lastKnownFileType = sourcecode.c.h; name = "top2000-Prefix.pch"; path = "top2000/top2000-Prefix.pch"; sourceTree = SOURCE_ROOT; };
		E55BD08415EB5F39008882CA /* answer_btn.png */ = {isa = PBXFileReference; lastKnownFileType = image.png; path = answer_btn.png; sourceTree = "<group>"; };
		E55BD08515EB5F39008882CA /* answer_btn@2x.png */ = {isa = PBXFileReference; lastKnownFileType = image.png; path = "answer_btn@2x.png"; sourceTree = "<group>"; };
		E55BD08615EB5F39008882CA /* block_bottom.png */ = {isa = PBXFileReference; lastKnownFileType = image.png; path = block_bottom.png; sourceTree = "<group>"; };
		E55BD08715EB5F39008882CA /* block_bottom@2x.png */ = {isa = PBXFileReference; lastKnownFileType = image.png; path = "block_bottom@2x.png"; sourceTree = "<group>"; };
		E55BD08815EB5F39008882CA /* block_full.png */ = {isa = PBXFileReference; lastKnownFileType = image.png; path = block_full.png; sourceTree = "<group>"; };
		E55BD08915EB5F39008882CA /* block_full@2x.png */ = {isa = PBXFileReference; lastKnownFileType = image.png; path = "block_full@2x.png"; sourceTree = "<group>"; };
		E55BD08A15EB5F39008882CA /* block_left.png */ = {isa = PBXFileReference; lastKnownFileType = image.png; path = block_left.png; sourceTree = "<group>"; };
		E55BD08B15EB5F39008882CA /* block_left@2x.png */ = {isa = PBXFileReference; lastKnownFileType = image.png; path = "block_left@2x.png"; sourceTree = "<group>"; };
		E55BD08C15EB5F39008882CA /* block_right.png */ = {isa = PBXFileReference; lastKnownFileType = image.png; path = block_right.png; sourceTree = "<group>"; };
		E55BD08D15EB5F39008882CA /* block_right@2x.png */ = {isa = PBXFileReference; lastKnownFileType = image.png; path = "block_right@2x.png"; sourceTree = "<group>"; };
		E55BD08E15EB5F39008882CA /* block_top.png */ = {isa = PBXFileReference; lastKnownFileType = image.png; path = block_top.png; sourceTree = "<group>"; };
		E55BD08F15EB5F39008882CA /* block_top@2x.png */ = {isa = PBXFileReference; lastKnownFileType = image.png; path = "block_top@2x.png"; sourceTree = "<group>"; };
		E55BD09015EB5F39008882CA /* cover_background.png */ = {isa = PBXFileReference; lastKnownFileType = image.png; path = cover_background.png; sourceTree = "<group>"; };
		E55BD09115EB5F39008882CA /* cover_background@2x.png */ = {isa = PBXFileReference; lastKnownFileType = image.png; path = "cover_background@2x.png"; sourceTree = "<group>"; };
		E55BD09215EB5F39008882CA /* direstraits.png */ = {isa = PBXFileReference; lastKnownFileType = image.png; path = direstraits.png; sourceTree = "<group>"; };
		E55BD09315EB5F39008882CA /* direstraits@2x.png */ = {isa = PBXFileReference; lastKnownFileType = image.png; path = "direstraits@2x.png"; sourceTree = "<group>"; };
		E55BD09415EB5F39008882CA /* doorvraag_background.png */ = {isa = PBXFileReference; lastKnownFileType = image.png; path = doorvraag_background.png; sourceTree = "<group>"; };
		E55BD09515EB5F39008882CA /* doorvraag_background@2x.png */ = {isa = PBXFileReference; lastKnownFileType = image.png; path = "doorvraag_background@2x.png"; sourceTree = "<group>"; };
		E55BD09615EB5F39008882CA /* hints_background.png */ = {isa = PBXFileReference; lastKnownFileType = image.png; path = hints_background.png; sourceTree = "<group>"; };
		E55BD09715EB5F39008882CA /* hints_background@2x.png */ = {isa = PBXFileReference; lastKnownFileType = image.png; path = "hints_background@2x.png"; sourceTree = "<group>"; };
		E55BD09815EB5F39008882CA /* hitfragement_background.png */ = {isa = PBXFileReference; lastKnownFileType = image.png; path = hitfragement_background.png; sourceTree = "<group>"; };
		E55BD09915EB5F39008882CA /* hitfragement_background@2x.png */ = {isa = PBXFileReference; lastKnownFileType = image.png; path = "hitfragement_background@2x.png"; sourceTree = "<group>"; };
		E55BD09A15EB5F39008882CA /* logo_radio2.png */ = {isa = PBXFileReference; lastKnownFileType = image.png; path = logo_radio2.png; sourceTree = "<group>"; };
		E55BD09B15EB5F39008882CA /* logo_radio2@2x.png */ = {isa = PBXFileReference; lastKnownFileType = image.png; path = "logo_radio2@2x.png"; sourceTree = "<group>"; };
		E55BD09C15EB5F39008882CA /* logo_top2000.png */ = {isa = PBXFileReference; lastKnownFileType = image.png; path = logo_top2000.png; sourceTree = "<group>"; };
		E55BD09D15EB5F39008882CA /* logo_top2000@2x.png */ = {isa = PBXFileReference; lastKnownFileType = image.png; path = "logo_top2000@2x.png"; sourceTree = "<group>"; };
		E55BD09E15EB5F39008882CA /* picture.png */ = {isa = PBXFileReference; lastKnownFileType = image.png; path = picture.png; sourceTree = "<group>"; };
		E55BD09F15EB5F39008882CA /* picture@2x.png */ = {isa = PBXFileReference; lastKnownFileType = image.png; path = "picture@2x.png"; sourceTree = "<group>"; };
		E55BD0A015EB5F39008882CA /* picture_background.png */ = {isa = PBXFileReference; lastKnownFileType = image.png; path = picture_background.png; sourceTree = "<group>"; };
		E55BD0A115EB5F39008882CA /* picture_background@2x.png */ = {isa = PBXFileReference; lastKnownFileType = image.png; path = "picture_background@2x.png"; sourceTree = "<group>"; };
		E55BD0A215EB5F39008882CA /* play.btn.png */ = {isa = PBXFileReference; lastKnownFileType = image.png; path = play.btn.png; sourceTree = "<group>"; };
		E55BD0A315EB5F39008882CA /* play.btn@2x.png */ = {isa = PBXFileReference; lastKnownFileType = image.png; path = "play.btn@2x.png"; sourceTree = "<group>"; };
		E55BD0A415EB5F39008882CA /* popquiz_background.png */ = {isa = PBXFileReference; lastKnownFileType = image.png; path = popquiz_background.png; sourceTree = "<group>"; };
		E55BD0A515EB5F39008882CA /* popquiz_background@2x.png */ = {isa = PBXFileReference; lastKnownFileType = image.png; path = "popquiz_background@2x.png"; sourceTree = "<group>"; };
		E55BD0A615EB5F39008882CA /* stop_btn.png */ = {isa = PBXFileReference; lastKnownFileType = image.png; path = stop_btn.png; sourceTree = "<group>"; };
		E55BD0A715EB5F39008882CA /* stop_btn@2x.png */ = {isa = PBXFileReference; lastKnownFileType = image.png; path = "stop_btn@2x.png"; sourceTree = "<group>"; };
		E55BD0A815EB5F39008882CA /* volgende_btn.png */ = {isa = PBXFileReference; lastKnownFileType = image.png; path = volgende_btn.png; sourceTree = "<group>"; };
		E55BD0A915EB5F39008882CA /* volgende_btn@2x.png */ = {isa = PBXFileReference; lastKnownFileType = image.png; path = "volgende_btn@2x.png"; sourceTree = "<group>"; };
		E55BD0AC15EB5F39008882CA /* HintsView~ipad.xib */ = {isa = PBXFileReference; fileEncoding = 4; lastKnownFileType = file.xib; path = "HintsView~ipad.xib"; sourceTree = "<group>"; };
		E55BD0AD15EB5F39008882CA /* HitFragmentView~ipad.xib */ = {isa = PBXFileReference; fileEncoding = 4; lastKnownFileType = file.xib; path = "HitFragmentView~ipad.xib"; sourceTree = "<group>"; };
		E55BD0AE15EB5F39008882CA /* MainView~ipad.xib */ = {isa = PBXFileReference; fileEncoding = 4; lastKnownFileType = file.xib; path = "MainView~ipad.xib"; sourceTree = "<group>"; };
		E55BD0AF15EB5F39008882CA /* PictureView~ipad.xib */ = {isa = PBXFileReference; fileEncoding = 4; lastKnownFileType = file.xib; path = "PictureView~ipad.xib"; sourceTree = "<group>"; };
		E55BD0B015EB5F39008882CA /* PopQuizView~ipad.xib */ = {isa = PBXFileReference; fileEncoding = 4; lastKnownFileType = file.xib; path = "PopQuizView~ipad.xib"; sourceTree = "<group>"; };
		E55BD0B115EB5F39008882CA /* QuestionsView~ipad.xib */ = {isa = PBXFileReference; fileEncoding = 4; lastKnownFileType = file.xib; path = "QuestionsView~ipad.xib"; sourceTree = "<group>"; };
		E55BD0DF15EB5F7D008882CA /* CoverViewController.h */ = {isa = PBXFileReference; fileEncoding = 4; lastKnownFileType = sourcecode.c.h; path = CoverViewController.h; sourceTree = "<group>"; };
		E55BD0E015EB5F7D008882CA /* CoverViewController.m */ = {isa = PBXFileReference; fileEncoding = 4; lastKnownFileType = sourcecode.c.objc; path = CoverViewController.m; sourceTree = "<group>"; };
		E55BD0E215EB5F98008882CA /* HintsViewController.h */ = {isa = PBXFileReference; fileEncoding = 4; lastKnownFileType = sourcecode.c.h; path = HintsViewController.h; sourceTree = "<group>"; };
		E55BD0E315EB5F98008882CA /* HintsViewController.m */ = {isa = PBXFileReference; fileEncoding = 4; lastKnownFileType = sourcecode.c.objc; path = HintsViewController.m; sourceTree = "<group>"; };
		E55BD0E515EB5FAF008882CA /* MainViewController.h */ = {isa = PBXFileReference; fileEncoding = 4; lastKnownFileType = sourcecode.c.h; path = MainViewController.h; sourceTree = "<group>"; };
		E55BD0E615EB5FAF008882CA /* MainViewController.m */ = {isa = PBXFileReference; fileEncoding = 4; lastKnownFileType = sourcecode.c.objc; path = MainViewController.m; sourceTree = "<group>"; };
		E55BD0E815EB5FC2008882CA /* HitFragmentViewController.h */ = {isa = PBXFileReference; fileEncoding = 4; lastKnownFileType = sourcecode.c.h; path = HitFragmentViewController.h; sourceTree = "<group>"; };
		E55BD0E915EB5FC2008882CA /* HitFragmentViewController.m */ = {isa = PBXFileReference; fileEncoding = 4; lastKnownFileType = sourcecode.c.objc; path = HitFragmentViewController.m; sourceTree = "<group>"; };
		E55BD0EB15EB5FD3008882CA /* PictureViewController.h */ = {isa = PBXFileReference; fileEncoding = 4; lastKnownFileType = sourcecode.c.h; path = PictureViewController.h; sourceTree = "<group>"; };
		E55BD0EC15EB5FD3008882CA /* PictureViewController.m */ = {isa = PBXFileReference; fileEncoding = 4; lastKnownFileType = sourcecode.c.objc; path = PictureViewController.m; sourceTree = "<group>"; };
		E55BD0EE15EB5FE6008882CA /* PopQuizViewController.h */ = {isa = PBXFileReference; fileEncoding = 4; lastKnownFileType = sourcecode.c.h; path = PopQuizViewController.h; sourceTree = "<group>"; };
		E55BD0EF15EB5FE6008882CA /* PopQuizViewController.m */ = {isa = PBXFileReference; fileEncoding = 4; lastKnownFileType = sourcecode.c.objc; path = PopQuizViewController.m; sourceTree = "<group>"; };
		E55BD0F115EB5FF9008882CA /* QuestionsViewController.h */ = {isa = PBXFileReference; fileEncoding = 4; lastKnownFileType = sourcecode.c.h; path = QuestionsViewController.h; sourceTree = "<group>"; };
		E55BD0F215EB5FF9008882CA /* QuestionsViewController.m */ = {isa = PBXFileReference; fileEncoding = 4; lastKnownFileType = sourcecode.c.objc; path = QuestionsViewController.m; sourceTree = "<group>"; };
		E55BD0FC15EB6547008882CA /* BugSense-iOS.framework */ = {isa = PBXFileReference; lastKnownFileType = wrapper.framework; name = "BugSense-iOS.framework"; path = "top2000/External/BugSense-iOS.framework"; sourceTree = "<group>"; };
		E55BD0FF15EB65FC008882CA /* SystemConfiguration.framework */ = {isa = PBXFileReference; lastKnownFileType = wrapper.framework; name = SystemConfiguration.framework; path = System/Library/Frameworks/SystemConfiguration.framework; sourceTree = SDKROOT; };
		E55BD15115ECACCA008882CA /* doorvraag.json */ = {isa = PBXFileReference; fileEncoding = 4; lastKnownFileType = text.json; path = doorvraag.json; sourceTree = "<group>"; };
		E55BD15215ECACCA008882CA /* hints.json */ = {isa = PBXFileReference; fileEncoding = 4; lastKnownFileType = text.json; path = hints.json; sourceTree = "<group>"; };
		E55BD15315ECACCA008882CA /* hitfragmenten.json */ = {isa = PBXFileReference; fileEncoding = 4; lastKnownFileType = text.json; path = hitfragmenten.json; sourceTree = "<group>"; };
		E55BD15415ECACCA008882CA /* hoezen.json */ = {isa = PBXFileReference; fileEncoding = 4; lastKnownFileType = text.json; path = hoezen.json; sourceTree = "<group>"; };
		E55BD15515ECACCA008882CA /* popquizvragen.json */ = {isa = PBXFileReference; fileEncoding = 4; lastKnownFileType = text.json; path = popquizvragen.json; sourceTree = "<group>"; };
		E55BD15C15ECAE4D008882CA /* NSObject+SBJson.h */ = {isa = PBXFileReference; fileEncoding = 4; lastKnownFileType = sourcecode.c.h; name = "NSObject+SBJson.h"; path = "SBJson/Classes/NSObject+SBJson.h"; sourceTree = "<group>"; };
		E55BD15D15ECAE4D008882CA /* NSObject+SBJson.m */ = {isa = PBXFileReference; fileEncoding = 4; lastKnownFileType = sourcecode.c.objc; name = "NSObject+SBJson.m"; path = "SBJson/Classes/NSObject+SBJson.m"; sourceTree = "<group>"; };
		E55BD15E15ECAE4D008882CA /* SBJson.h */ = {isa = PBXFileReference; fileEncoding = 4; lastKnownFileType = sourcecode.c.h; name = SBJson.h; path = SBJson/Classes/SBJson.h; sourceTree = "<group>"; };
		E55BD15F15ECAE4D008882CA /* SBJsonParser.h */ = {isa = PBXFileReference; fileEncoding = 4; lastKnownFileType = sourcecode.c.h; name = SBJsonParser.h; path = SBJson/Classes/SBJsonParser.h; sourceTree = "<group>"; };
		E55BD16015ECAE4D008882CA /* SBJsonParser.m */ = {isa = PBXFileReference; fileEncoding = 4; lastKnownFileType = sourcecode.c.objc; name = SBJsonParser.m; path = SBJson/Classes/SBJsonParser.m; sourceTree = "<group>"; };
		E55BD16115ECAE4D008882CA /* SBJsonStreamParser.h */ = {isa = PBXFileReference; fileEncoding = 4; lastKnownFileType = sourcecode.c.h; name = SBJsonStreamParser.h; path = SBJson/Classes/SBJsonStreamParser.h; sourceTree = "<group>"; };
		E55BD16215ECAE4D008882CA /* SBJsonStreamParser.m */ = {isa = PBXFileReference; fileEncoding = 4; lastKnownFileType = sourcecode.c.objc; name = SBJsonStreamParser.m; path = SBJson/Classes/SBJsonStreamParser.m; sourceTree = "<group>"; };
		E55BD16315ECAE4D008882CA /* SBJsonStreamParserAccumulator.h */ = {isa = PBXFileReference; fileEncoding = 4; lastKnownFileType = sourcecode.c.h; name = SBJsonStreamParserAccumulator.h; path = SBJson/Classes/SBJsonStreamParserAccumulator.h; sourceTree = "<group>"; };
		E55BD16415ECAE4D008882CA /* SBJsonStreamParserAccumulator.m */ = {isa = PBXFileReference; fileEncoding = 4; lastKnownFileType = sourcecode.c.objc; name = SBJsonStreamParserAccumulator.m; path = SBJson/Classes/SBJsonStreamParserAccumulator.m; sourceTree = "<group>"; };
		E55BD16515ECAE4D008882CA /* SBJsonStreamParserAdapter.h */ = {isa = PBXFileReference; fileEncoding = 4; lastKnownFileType = sourcecode.c.h; name = SBJsonStreamParserAdapter.h; path = SBJson/Classes/SBJsonStreamParserAdapter.h; sourceTree = "<group>"; };
		E55BD16615ECAE4D008882CA /* SBJsonStreamParserAdapter.m */ = {isa = PBXFileReference; fileEncoding = 4; lastKnownFileType = sourcecode.c.objc; name = SBJsonStreamParserAdapter.m; path = SBJson/Classes/SBJsonStreamParserAdapter.m; sourceTree = "<group>"; };
		E55BD16715ECAE4D008882CA /* SBJsonStreamParserState.h */ = {isa = PBXFileReference; fileEncoding = 4; lastKnownFileType = sourcecode.c.h; name = SBJsonStreamParserState.h; path = SBJson/Classes/SBJsonStreamParserState.h; sourceTree = "<group>"; };
		E55BD16815ECAE4D008882CA /* SBJsonStreamParserState.m */ = {isa = PBXFileReference; fileEncoding = 4; lastKnownFileType = sourcecode.c.objc; name = SBJsonStreamParserState.m; path = SBJson/Classes/SBJsonStreamParserState.m; sourceTree = "<group>"; };
		E55BD16915ECAE4D008882CA /* SBJsonStreamWriter.h */ = {isa = PBXFileReference; fileEncoding = 4; lastKnownFileType = sourcecode.c.h; name = SBJsonStreamWriter.h; path = SBJson/Classes/SBJsonStreamWriter.h; sourceTree = "<group>"; };
		E55BD16A15ECAE4D008882CA /* SBJsonStreamWriter.m */ = {isa = PBXFileReference; fileEncoding = 4; lastKnownFileType = sourcecode.c.objc; name = SBJsonStreamWriter.m; path = SBJson/Classes/SBJsonStreamWriter.m; sourceTree = "<group>"; };
		E55BD16B15ECAE4D008882CA /* SBJsonStreamWriterAccumulator.h */ = {isa = PBXFileReference; fileEncoding = 4; lastKnownFileType = sourcecode.c.h; name = SBJsonStreamWriterAccumulator.h; path = SBJson/Classes/SBJsonStreamWriterAccumulator.h; sourceTree = "<group>"; };
		E55BD16C15ECAE4D008882CA /* SBJsonStreamWriterAccumulator.m */ = {isa = PBXFileReference; fileEncoding = 4; lastKnownFileType = sourcecode.c.objc; name = SBJsonStreamWriterAccumulator.m; path = SBJson/Classes/SBJsonStreamWriterAccumulator.m; sourceTree = "<group>"; };
		E55BD16D15ECAE4D008882CA /* SBJsonStreamWriterState.h */ = {isa = PBXFileReference; fileEncoding = 4; lastKnownFileType = sourcecode.c.h; name = SBJsonStreamWriterState.h; path = SBJson/Classes/SBJsonStreamWriterState.h; sourceTree = "<group>"; };
		E55BD16E15ECAE4D008882CA /* SBJsonStreamWriterState.m */ = {isa = PBXFileReference; fileEncoding = 4; lastKnownFileType = sourcecode.c.objc; name = SBJsonStreamWriterState.m; path = SBJson/Classes/SBJsonStreamWriterState.m; sourceTree = "<group>"; };
		E55BD16F15ECAE4D008882CA /* SBJsonTokeniser.h */ = {isa = PBXFileReference; fileEncoding = 4; lastKnownFileType = sourcecode.c.h; name = SBJsonTokeniser.h; path = SBJson/Classes/SBJsonTokeniser.h; sourceTree = "<group>"; };
		E55BD17015ECAE4D008882CA /* SBJsonTokeniser.m */ = {isa = PBXFileReference; fileEncoding = 4; lastKnownFileType = sourcecode.c.objc; name = SBJsonTokeniser.m; path = SBJson/Classes/SBJsonTokeniser.m; sourceTree = "<group>"; };
		E55BD17115ECAE4D008882CA /* SBJsonUTF8Stream.h */ = {isa = PBXFileReference; fileEncoding = 4; lastKnownFileType = sourcecode.c.h; name = SBJsonUTF8Stream.h; path = SBJson/Classes/SBJsonUTF8Stream.h; sourceTree = "<group>"; };
		E55BD17215ECAE4D008882CA /* SBJsonUTF8Stream.m */ = {isa = PBXFileReference; fileEncoding = 4; lastKnownFileType = sourcecode.c.objc; name = SBJsonUTF8Stream.m; path = SBJson/Classes/SBJsonUTF8Stream.m; sourceTree = "<group>"; };
		E55BD17315ECAE4D008882CA /* SBJsonWriter.h */ = {isa = PBXFileReference; fileEncoding = 4; lastKnownFileType = sourcecode.c.h; name = SBJsonWriter.h; path = SBJson/Classes/SBJsonWriter.h; sourceTree = "<group>"; };
		E55BD17415ECAE4D008882CA /* SBJsonWriter.m */ = {isa = PBXFileReference; fileEncoding = 4; lastKnownFileType = sourcecode.c.objc; name = SBJsonWriter.m; path = SBJson/Classes/SBJsonWriter.m; sourceTree = "<group>"; };
		E55BD18115ECAEE4008882CA /* DataController.h */ = {isa = PBXFileReference; fileEncoding = 4; lastKnownFileType = sourcecode.c.h; path = DataController.h; sourceTree = "<group>"; };
		E55BD18215ECAEE4008882CA /* DataController.m */ = {isa = PBXFileReference; fileEncoding = 4; lastKnownFileType = sourcecode.c.objc; path = DataController.m; sourceTree = "<group>"; };
		E55BD18415ECAF15008882CA /* Singleton.h */ = {isa = PBXFileReference; fileEncoding = 4; lastKnownFileType = sourcecode.c.h; path = Singleton.h; sourceTree = "<group>"; };
		E55BD19115ECBA5F008882CA /* Doorvraag.h */ = {isa = PBXFileReference; fileEncoding = 4; lastKnownFileType = sourcecode.c.h; path = Doorvraag.h; sourceTree = "<group>"; };
		E55BD19215ECBA5F008882CA /* Doorvraag.m */ = {isa = PBXFileReference; fileEncoding = 4; lastKnownFileType = sourcecode.c.objc; path = Doorvraag.m; sourceTree = "<group>"; };
		E55BD19415ECC306008882CA /* Hint.h */ = {isa = PBXFileReference; fileEncoding = 4; lastKnownFileType = sourcecode.c.h; path = Hint.h; sourceTree = "<group>"; };
		E55BD19515ECC306008882CA /* Hint.m */ = {isa = PBXFileReference; fileEncoding = 4; lastKnownFileType = sourcecode.c.objc; path = Hint.m; sourceTree = "<group>"; };
		E55BD19715ECC5AB008882CA /* HitFragment.h */ = {isa = PBXFileReference; fileEncoding = 4; lastKnownFileType = sourcecode.c.h; path = HitFragment.h; sourceTree = "<group>"; };
		E55BD19815ECC5AB008882CA /* HitFragment.m */ = {isa = PBXFileReference; fileEncoding = 4; lastKnownFileType = sourcecode.c.objc; path = HitFragment.m; sourceTree = "<group>"; };
		E55BD19A15ECC69F008882CA /* Hoes.h */ = {isa = PBXFileReference; fileEncoding = 4; lastKnownFileType = sourcecode.c.h; path = Hoes.h; sourceTree = "<group>"; };
		E55BD19B15ECC69F008882CA /* Hoes.m */ = {isa = PBXFileReference; fileEncoding = 4; lastKnownFileType = sourcecode.c.objc; path = Hoes.m; sourceTree = "<group>"; };
		E55BD19D15ECC736008882CA /* PopQuizVraag.h */ = {isa = PBXFileReference; fileEncoding = 4; lastKnownFileType = sourcecode.c.h; path = PopQuizVraag.h; sourceTree = "<group>"; };
		E55BD19E15ECC736008882CA /* PopQuizVraag.m */ = {isa = PBXFileReference; fileEncoding = 4; lastKnownFileType = sourcecode.c.objc; path = PopQuizVraag.m; sourceTree = "<group>"; };
		E55BD1B415ECCB8D008882CA /* GameController.h */ = {isa = PBXFileReference; fileEncoding = 4; lastKnownFileType = sourcecode.c.h; path = GameController.h; sourceTree = "<group>"; };
		E55BD1B515ECCB8D008882CA /* GameController.m */ = {isa = PBXFileReference; fileEncoding = 4; lastKnownFileType = sourcecode.c.objc; path = GameController.m; sourceTree = "<group>"; };
		E5C7DE9315ED563C0088385A /* CoverView~ipad.xib */ = {isa = PBXFileReference; fileEncoding = 4; lastKnownFileType = file.xib; path = "CoverView~ipad.xib"; sourceTree = "<group>"; };
		E5C7DE9415ED563C0088385A /* StartView~ipad.xib */ = {isa = PBXFileReference; fileEncoding = 4; lastKnownFileType = file.xib; path = "StartView~ipad.xib"; sourceTree = "<group>"; };
		E5C7DE9815ED56C50088385A /* abba.png */ = {isa = PBXFileReference; lastKnownFileType = image.png; path = abba.png; sourceTree = "<group>"; };
		E5C7DE9915ED56C50088385A /* abba@2x.png */ = {isa = PBXFileReference; lastKnownFileType = image.png; path = "abba@2x.png"; sourceTree = "<group>"; };
		E5C7DE9A15ED56C50088385A /* allman_brothers.png */ = {isa = PBXFileReference; lastKnownFileType = image.png; path = allman_brothers.png; sourceTree = "<group>"; };
		E5C7DE9B15ED56C50088385A /* allman_brothers@2x.png */ = {isa = PBXFileReference; lastKnownFileType = image.png; path = "allman_brothers@2x.png"; sourceTree = "<group>"; };
		E5C7DE9C15ED56C50088385A /* amy_whinehouse.png */ = {isa = PBXFileReference; lastKnownFileType = image.png; path = amy_whinehouse.png; sourceTree = "<group>"; };
		E5C7DE9D15ED56C50088385A /* amy_whinehouse@2x.png */ = {isa = PBXFileReference; lastKnownFileType = image.png; path = "amy_whinehouse@2x.png"; sourceTree = "<group>"; };
		E5C7DE9E15ED56C50088385A /* bdg.png */ = {isa = PBXFileReference; lastKnownFileType = image.png; path = bdg.png; sourceTree = "<group>"; };
		E5C7DE9F15ED56C50088385A /* bdg@2x.png */ = {isa = PBXFileReference; lastKnownFileType = image.png; path = "bdg@2x.png"; sourceTree = "<group>"; };
		E5C7DEA015ED56C50088385A /* bonjovi.png */ = {isa = PBXFileReference; lastKnownFileType = image.png; path = bonjovi.png; sourceTree = "<group>"; };
		E5C7DEA115ED56C50088385A /* bonjovi@2x.png */ = {isa = PBXFileReference; lastKnownFileType = image.png; path = "bonjovi@2x.png"; sourceTree = "<group>"; };
		E5C7DEA215ED56C50088385A /* caro_emerald.png */ = {isa = PBXFileReference; lastKnownFileType = image.png; path = caro_emerald.png; sourceTree = "<group>"; };
		E5C7DEA315ED56C50088385A /* caro_emerald@2x.png */ = {isa = PBXFileReference; lastKnownFileType = image.png; path = "caro_emerald@2x.png"; sourceTree = "<group>"; };
		E5C7DEA415ED56C50088385A /* clapton.png */ = {isa = PBXFileReference; lastKnownFileType = image.png; path = clapton.png; sourceTree = "<group>"; };
		E5C7DEA515ED56C50088385A /* clapton@2x.png */ = {isa = PBXFileReference; lastKnownFileType = image.png; path = "clapton@2x.png"; sourceTree = "<group>"; };
		E5C7DEA615ED56C50088385A /* commodores.png */ = {isa = PBXFileReference; lastKnownFileType = image.png; path = commodores.png; sourceTree = "<group>"; };
		E5C7DEA715ED56C50088385A /* commodores@2x.png */ = {isa = PBXFileReference; lastKnownFileType = image.png; path = "commodores@2x.png"; sourceTree = "<group>"; };
		E5C7DEA815ED56C50088385A /* david_bowie.png */ = {isa = PBXFileReference; lastKnownFileType = image.png; path = david_bowie.png; sourceTree = "<group>"; };
		E5C7DEA915ED56C50088385A /* david_bowie@2x.png */ = {isa = PBXFileReference; lastKnownFileType = image.png; path = "david_bowie@2x.png"; sourceTree = "<group>"; };
		E5C7DEAA15ED56C50088385A /* elton_john.png */ = {isa = PBXFileReference; lastKnownFileType = image.png; path = elton_john.png; sourceTree = "<group>"; };
		E5C7DEAB15ED56C50088385A /* elton_john@2x.png */ = {isa = PBXFileReference; lastKnownFileType = image.png; path = "elton_john@2x.png"; sourceTree = "<group>"; };
		E5C7DEAC15ED56C50088385A /* golden_earring.png */ = {isa = PBXFileReference; lastKnownFileType = image.png; path = golden_earring.png; sourceTree = "<group>"; };
		E5C7DEAD15ED56C50088385A /* golden_earring@2x.png */ = {isa = PBXFileReference; lastKnownFileType = image.png; path = "golden_earring@2x.png"; sourceTree = "<group>"; };
		E5C7DEAE15ED56C50088385A /* gunsnroses.png */ = {isa = PBXFileReference; lastKnownFileType = image.png; path = gunsnroses.png; sourceTree = "<group>"; };
		E5C7DEAF15ED56C50088385A /* gunsnroses@2x.png */ = {isa = PBXFileReference; lastKnownFileType = image.png; path = "gunsnroses@2x.png"; sourceTree = "<group>"; };
		E5C7DEB015ED56C50088385A /* guus_meeuwis.png */ = {isa = PBXFileReference; lastKnownFileType = image.png; path = guus_meeuwis.png; sourceTree = "<group>"; };
		E5C7DEB115ED56C50088385A /* guus_meeuwis@2x.png */ = {isa = PBXFileReference; lastKnownFileType = image.png; path = "guus_meeuwis@2x.png"; sourceTree = "<group>"; };
		E5C7DEB215ED56C50088385A /* ilse_delange.png */ = {isa = PBXFileReference; lastKnownFileType = image.png; path = ilse_delange.png; sourceTree = "<group>"; };
		E5C7DEB315ED56C50088385A /* ilse_delange@2x.png */ = {isa = PBXFileReference; lastKnownFileType = image.png; path = "ilse_delange@2x.png"; sourceTree = "<group>"; };
		E5C7DEB415ED56C50088385A /* james_brown.png */ = {isa = PBXFileReference; lastKnownFileType = image.png; path = james_brown.png; sourceTree = "<group>"; };
		E5C7DEB515ED56C50088385A /* james_brown@2x.png */ = {isa = PBXFileReference; lastKnownFileType = image.png; path = "james_brown@2x.png"; sourceTree = "<group>"; };
		E5C7DEB615ED56C50088385A /* kiss.png */ = {isa = PBXFileReference; lastKnownFileType = image.png; path = kiss.png; sourceTree = "<group>"; };
		E5C7DEB715ED56C50088385A /* kiss@2x.png */ = {isa = PBXFileReference; lastKnownFileType = image.png; path = "kiss@2x.png"; sourceTree = "<group>"; };
		E5C7DEB815ED56C50088385A /* marco_borsato.png */ = {isa = PBXFileReference; lastKnownFileType = image.png; path = marco_borsato.png; sourceTree = "<group>"; };
		E5C7DEB915ED56C50088385A /* marco_borsato@2x.png */ = {isa = PBXFileReference; lastKnownFileType = image.png; path = "marco_borsato@2x.png"; sourceTree = "<group>"; };
		E5C7DEBA15ED56C50088385A /* mark_knopfler.png */ = {isa = PBXFileReference; lastKnownFileType = image.png; path = mark_knopfler.png; sourceTree = "<group>"; };
		E5C7DEBB15ED56C50088385A /* mark_knopfler@2x.png */ = {isa = PBXFileReference; lastKnownFileType = image.png; path = "mark_knopfler@2x.png"; sourceTree = "<group>"; };
		E5C7DEBC15ED56C50088385A /* marvin_gaye.png */ = {isa = PBXFileReference; lastKnownFileType = image.png; path = marvin_gaye.png; sourceTree = "<group>"; };
		E5C7DEBD15ED56C50088385A /* marvin_gaye@2x.png */ = {isa = PBXFileReference; lastKnownFileType = image.png; path = "marvin_gaye@2x.png"; sourceTree = "<group>"; };
		E5C7DEBE15ED56C50088385A /* queen.png */ = {isa = PBXFileReference; lastKnownFileType = image.png; path = queen.png; sourceTree = "<group>"; };
		E5C7DEBF15ED56C50088385A /* queen@2x.png */ = {isa = PBXFileReference; lastKnownFileType = image.png; path = "queen@2x.png"; sourceTree = "<group>"; };
		E5C7DEC015ED56C50088385A /* radio2_logo_start.png */ = {isa = PBXFileReference; lastKnownFileType = image.png; path = radio2_logo_start.png; sourceTree = "<group>"; };
		E5C7DEC115ED56C50088385A /* radio2_logo_start@2x.png */ = {isa = PBXFileReference; lastKnownFileType = image.png; path = "radio2_logo_start@2x.png"; sourceTree = "<group>"; };
		E5C7DEC215ED56C50088385A /* single.png */ = {isa = PBXFileReference; lastKnownFileType = image.png; path = single.png; sourceTree = "<group>"; };
		E5C7DEC315ED56C50088385A /* single@2x.png */ = {isa = PBXFileReference; lastKnownFileType = image.png; path = "single@2x.png"; sourceTree = "<group>"; };
		E5C7DEC415ED56C50088385A /* start.png */ = {isa = PBXFileReference; lastKnownFileType = image.png; path = start.png; sourceTree = "<group>"; };
		E5C7DEC515ED56C50088385A /* start@2x.png */ = {isa = PBXFileReference; lastKnownFileType = image.png; path = "start@2x.png"; sourceTree = "<group>"; };
		E5C7DEC615ED56C50088385A /* stevie_wonder.png */ = {isa = PBXFileReference; lastKnownFileType = image.png; path = stevie_wonder.png; sourceTree = "<group>"; };
		E5C7DEC715ED56C50088385A /* stevie_wonder@2x.png */ = {isa = PBXFileReference; lastKnownFileType = image.png; path = "stevie_wonder@2x.png"; sourceTree = "<group>"; };
		E5C7DEC815ED56C50088385A /* sting.png */ = {isa = PBXFileReference; lastKnownFileType = image.png; path = sting.png; sourceTree = "<group>"; };
		E5C7DEC915ED56C50088385A /* sting@2x.png */ = {isa = PBXFileReference; lastKnownFileType = image.png; path = "sting@2x.png"; sourceTree = "<group>"; };
		E5C7DECA15ED56C50088385A /* the_who.png */ = {isa = PBXFileReference; lastKnownFileType = image.png; path = the_who.png; sourceTree = "<group>"; };
		E5C7DECB15ED56C50088385A /* the_who@2x.png */ = {isa = PBXFileReference; lastKnownFileType = image.png; path = "the_who@2x.png"; sourceTree = "<group>"; };
		E5C7DECC15ED56C50088385A /* top2000_logo_start.png */ = {isa = PBXFileReference; lastKnownFileType = image.png; path = top2000_logo_start.png; sourceTree = "<group>"; };
		E5C7DECD15ED56C50088385A /* top2000_logo_start@2x.png */ = {isa = PBXFileReference; lastKnownFileType = image.png; path = "top2000_logo_start@2x.png"; sourceTree = "<group>"; };
		E5C7DECE15ED56C50088385A /* u2.png */ = {isa = PBXFileReference; lastKnownFileType = image.png; path = u2.png; sourceTree = "<group>"; };
		E5C7DECF15ED56C50088385A /* u2@2x.png */ = {isa = PBXFileReference; lastKnownFileType = image.png; path = "u2@2x.png"; sourceTree = "<group>"; };
		E5C7DED015ED56C50088385A /* whitney_houston.png */ = {isa = PBXFileReference; lastKnownFileType = image.png; path = whitney_houston.png; sourceTree = "<group>"; };
		E5C7DED115ED56C50088385A /* whitney_houston@2x.png */ = {isa = PBXFileReference; lastKnownFileType = image.png; path = "whitney_houston@2x.png"; sourceTree = "<group>"; };
		E5C7DF0C15ED58310088385A /* donna_summer.png */ = {isa = PBXFileReference; lastKnownFileType = image.png; path = donna_summer.png; sourceTree = "<group>"; };
		E5C7DF0D15ED58310088385A /* donna_summer@2x.png */ = {isa = PBXFileReference; lastKnownFileType = image.png; path = "donna_summer@2x.png"; sourceTree = "<group>"; };
		E5C7DF1015ED61580088385A /* subtitle_start.png */ = {isa = PBXFileReference; lastKnownFileType = image.png; path = subtitle_start.png; sourceTree = "<group>"; };
		E5C7DF1115ED61580088385A /* subtitle_start@2x.png */ = {isa = PBXFileReference; lastKnownFileType = image.png; path = "subtitle_start@2x.png"; sourceTree = "<group>"; };
/* End PBXFileReference section */

/* Begin PBXFrameworksBuildPhase section */
		E531734C15E6A0AD0085ACD5 /* Frameworks */ = {
			isa = PBXFrameworksBuildPhase;
			buildActionMask = 2147483647;
			files = (
				E55BD10015EB65FC008882CA /* SystemConfiguration.framework in Frameworks */,
				E55BD0FD15EB6547008882CA /* BugSense-iOS.framework in Frameworks */,
				E531735415E6A0AD0085ACD5 /* UIKit.framework in Frameworks */,
				E531735615E6A0AD0085ACD5 /* Foundation.framework in Frameworks */,
				E531735815E6A0AD0085ACD5 /* CoreGraphics.framework in Frameworks */,
			);
			runOnlyForDeploymentPostprocessing = 0;
		};
/* End PBXFrameworksBuildPhase section */

/* Begin PBXGroup section */
		E531734415E6A0AD0085ACD5 = {
			isa = PBXGroup;
			children = (
				E531735915E6A0AD0085ACD5 /* top2000 */,
				E531735215E6A0AD0085ACD5 /* Frameworks */,
				E531735015E6A0AD0085ACD5 /* Products */,
			);
			sourceTree = "<group>";
		};
		E531735015E6A0AD0085ACD5 /* Products */ = {
			isa = PBXGroup;
			children = (
				E531734F15E6A0AD0085ACD5 /* top2000.app */,
			);
			name = Products;
			sourceTree = "<group>";
		};
		E531735215E6A0AD0085ACD5 /* Frameworks */ = {
			isa = PBXGroup;
			children = (
				E55BD0FF15EB65FC008882CA /* SystemConfiguration.framework */,
				E55BD0FC15EB6547008882CA /* BugSense-iOS.framework */,
				E531735315E6A0AD0085ACD5 /* UIKit.framework */,
				E531735515E6A0AD0085ACD5 /* Foundation.framework */,
				E531735715E6A0AD0085ACD5 /* CoreGraphics.framework */,
			);
			name = Frameworks;
			sourceTree = "<group>";
		};
		E531735915E6A0AD0085ACD5 /* top2000 */ = {
			isa = PBXGroup;
			children = (
				E55BD06B15EB5E68008882CA /* Classes */,
				E55BD08115EB5F39008882CA /* External */,
				E55BD08215EB5F39008882CA /* Recources */,
				E531735A15E6A0AD0085ACD5 /* Supporting Files */,
			);
			name = top2000;
			path = top2000_ipad;
			sourceTree = "<group>";
		};
		E531735A15E6A0AD0085ACD5 /* Supporting Files */ = {
			isa = PBXGroup;
			children = (
				E55BD07615EB5EA8008882CA /* InfoPlist.strings */,
				E55BD07A15EB5EA8008882CA /* main.m */,
				E55BD07B15EB5EA8008882CA /* top2000-Info.plist */,
				E55BD07C15EB5EA8008882CA /* top2000-Prefix.pch */,
			);
			name = "Supporting Files";
			sourceTree = "<group>";
		};
		E55BD06B15EB5E68008882CA /* Classes */ = {
			isa = PBXGroup;
			children = (
				E55BD06C15EB5E68008882CA /* AppDelegate.h */,
				E55BD06D15EB5E68008882CA /* AppDelegate.m */,
				E55BD06E15EB5E68008882CA /* Controller */,
				E55BD06F15EB5E68008882CA /* Dependencies */,
				E55BD07015EB5E68008882CA /* Model */,
				E55BD07115EB5E68008882CA /* View */,
			);
			name = Classes;
			path = top2000/Classes;
			sourceTree = SOURCE_ROOT;
		};
		E55BD06E15EB5E68008882CA /* Controller */ = {
			isa = PBXGroup;
			children = (
				E55BD18115ECAEE4008882CA /* DataController.h */,
				E55BD18215ECAEE4008882CA /* DataController.m */,
				E55BD1B415ECCB8D008882CA /* GameController.h */,
				E55BD1B515ECCB8D008882CA /* GameController.m */,
			);
			path = Controller;
			sourceTree = "<group>";
		};
		E55BD06F15EB5E68008882CA /* Dependencies */ = {
			isa = PBXGroup;
			children = (
				E55BD18415ECAF15008882CA /* Singleton.h */,
			);
			path = Dependencies;
			sourceTree = "<group>";
		};
		E55BD07015EB5E68008882CA /* Model */ = {
			isa = PBXGroup;
			children = (
				E55BD19115ECBA5F008882CA /* Doorvraag.h */,
				E55BD19215ECBA5F008882CA /* Doorvraag.m */,
				E55BD19415ECC306008882CA /* Hint.h */,
				E55BD19515ECC306008882CA /* Hint.m */,
				E55BD19715ECC5AB008882CA /* HitFragment.h */,
				E55BD19815ECC5AB008882CA /* HitFragment.m */,
				E55BD19A15ECC69F008882CA /* Hoes.h */,
				E55BD19B15ECC69F008882CA /* Hoes.m */,
				E55BD19D15ECC736008882CA /* PopQuizVraag.h */,
				E55BD19E15ECC736008882CA /* PopQuizVraag.m */,
			);
			path = Model;
			sourceTree = "<group>";
		};
		E55BD07115EB5E68008882CA /* View */ = {
			isa = PBXGroup;
			children = (
				E55BD07215EB5E68008882CA /* ViewController.h */,
				E55BD07315EB5E68008882CA /* ViewController.m */,
				E55BD0DF15EB5F7D008882CA /* CoverViewController.h */,
				E55BD0E015EB5F7D008882CA /* CoverViewController.m */,
				E55BD0E215EB5F98008882CA /* HintsViewController.h */,
				E55BD0E315EB5F98008882CA /* HintsViewController.m */,
				E55BD0E515EB5FAF008882CA /* MainViewController.h */,
				E55BD0E615EB5FAF008882CA /* MainViewController.m */,
				E55BD0E815EB5FC2008882CA /* HitFragmentViewController.h */,
				E55BD0E915EB5FC2008882CA /* HitFragmentViewController.m */,
				E55BD0EB15EB5FD3008882CA /* PictureViewController.h */,
				E55BD0EC15EB5FD3008882CA /* PictureViewController.m */,
				E55BD0EE15EB5FE6008882CA /* PopQuizViewController.h */,
				E55BD0EF15EB5FE6008882CA /* PopQuizViewController.m */,
				E55BD0F115EB5FF9008882CA /* QuestionsViewController.h */,
				E55BD0F215EB5FF9008882CA /* QuestionsViewController.m */,
			);
			path = View;
			sourceTree = "<group>";
		};
		E55BD08115EB5F39008882CA /* External */ = {
			isa = PBXGroup;
			children = (
				E55BD15B15ECAE25008882CA /* SBJSON */,
			);
			name = External;
			path = top2000/External;
			sourceTree = SOURCE_ROOT;
		};
		E55BD08215EB5F39008882CA /* Recources */ = {
			isa = PBXGroup;
			children = (
				E55BD15015ECACCA008882CA /* Data */,
				E55BD08315EB5F39008882CA /* Images */,
				E55BD0AA15EB5F39008882CA /* Nibs */,
			);
			name = Recources;
			path = top2000/Recources;
			sourceTree = SOURCE_ROOT;
		};
		E55BD08315EB5F39008882CA /* Images */ = {
			isa = PBXGroup;
			children = (
				E5C7DF1015ED61580088385A /* subtitle_start.png */,
				E5C7DF1115ED61580088385A /* subtitle_start@2x.png */,
				E5C7DF0C15ED58310088385A /* donna_summer.png */,
				E5C7DF0D15ED58310088385A /* donna_summer@2x.png */,
				E5C7DE9815ED56C50088385A /* abba.png */,
				E5C7DE9915ED56C50088385A /* abba@2x.png */,
				E5C7DE9A15ED56C50088385A /* allman_brothers.png */,
				E5C7DE9B15ED56C50088385A /* allman_brothers@2x.png */,
				E5C7DE9C15ED56C50088385A /* amy_whinehouse.png */,
				E5C7DE9D15ED56C50088385A /* amy_whinehouse@2x.png */,
				E5C7DE9E15ED56C50088385A /* bdg.png */,
				E5C7DE9F15ED56C50088385A /* bdg@2x.png */,
				E5C7DEA015ED56C50088385A /* bonjovi.png */,
				E5C7DEA115ED56C50088385A /* bonjovi@2x.png */,
				E5C7DEA215ED56C50088385A /* caro_emerald.png */,
				E5C7DEA315ED56C50088385A /* caro_emerald@2x.png */,
				E5C7DEA415ED56C50088385A /* clapton.png */,
				E5C7DEA515ED56C50088385A /* clapton@2x.png */,
				E5C7DEA615ED56C50088385A /* commodores.png */,
				E5C7DEA715ED56C50088385A /* commodores@2x.png */,
				E5C7DEA815ED56C50088385A /* david_bowie.png */,
				E5C7DEA915ED56C50088385A /* david_bowie@2x.png */,
				E5C7DEAA15ED56C50088385A /* elton_john.png */,
				E5C7DEAB15ED56C50088385A /* elton_john@2x.png */,
				E5C7DEAC15ED56C50088385A /* golden_earring.png */,
				E5C7DEAD15ED56C50088385A /* golden_earring@2x.png */,
				E5C7DEAE15ED56C50088385A /* gunsnroses.png */,
				E5C7DEAF15ED56C50088385A /* gunsnroses@2x.png */,
				E5C7DEB015ED56C50088385A /* guus_meeuwis.png */,
				E5C7DEB115ED56C50088385A /* guus_meeuwis@2x.png */,
				E5C7DEB215ED56C50088385A /* ilse_delange.png */,
				E5C7DEB315ED56C50088385A /* ilse_delange@2x.png */,
				E5C7DEB415ED56C50088385A /* james_brown.png */,
				E5C7DEB515ED56C50088385A /* james_brown@2x.png */,
				E5C7DEB615ED56C50088385A /* kiss.png */,
				E5C7DEB715ED56C50088385A /* kiss@2x.png */,
				E5C7DEB815ED56C50088385A /* marco_borsato.png */,
				E5C7DEB915ED56C50088385A /* marco_borsato@2x.png */,
				E5C7DEBA15ED56C50088385A /* mark_knopfler.png */,
				E5C7DEBB15ED56C50088385A /* mark_knopfler@2x.png */,
				E5C7DEBC15ED56C50088385A /* marvin_gaye.png */,
				E5C7DEBD15ED56C50088385A /* marvin_gaye@2x.png */,
				E5C7DEBE15ED56C50088385A /* queen.png */,
				E5C7DEBF15ED56C50088385A /* queen@2x.png */,
				E5C7DEC015ED56C50088385A /* radio2_logo_start.png */,
				E5C7DEC115ED56C50088385A /* radio2_logo_start@2x.png */,
				E5C7DEC215ED56C50088385A /* single.png */,
				E5C7DEC315ED56C50088385A /* single@2x.png */,
				E5C7DEC415ED56C50088385A /* start.png */,
				E5C7DEC515ED56C50088385A /* start@2x.png */,
				E5C7DEC615ED56C50088385A /* stevie_wonder.png */,
				E5C7DEC715ED56C50088385A /* stevie_wonder@2x.png */,
				E5C7DEC815ED56C50088385A /* sting.png */,
				E5C7DEC915ED56C50088385A /* sting@2x.png */,
				E5C7DECA15ED56C50088385A /* the_who.png */,
				E5C7DECB15ED56C50088385A /* the_who@2x.png */,
				E5C7DECC15ED56C50088385A /* top2000_logo_start.png */,
				E5C7DECD15ED56C50088385A /* top2000_logo_start@2x.png */,
				E5C7DECE15ED56C50088385A /* u2.png */,
				E5C7DECF15ED56C50088385A /* u2@2x.png */,
				E5C7DED015ED56C50088385A /* whitney_houston.png */,
				E5C7DED115ED56C50088385A /* whitney_houston@2x.png */,
				E55BD08415EB5F39008882CA /* answer_btn.png */,
				E55BD08515EB5F39008882CA /* answer_btn@2x.png */,
				E55BD08615EB5F39008882CA /* block_bottom.png */,
				E55BD08715EB5F39008882CA /* block_bottom@2x.png */,
				E55BD08815EB5F39008882CA /* block_full.png */,
				E55BD08915EB5F39008882CA /* block_full@2x.png */,
				E55BD08A15EB5F39008882CA /* block_left.png */,
				E55BD08B15EB5F39008882CA /* block_left@2x.png */,
				E55BD08C15EB5F39008882CA /* block_right.png */,
				E55BD08D15EB5F39008882CA /* block_right@2x.png */,
				E55BD08E15EB5F39008882CA /* block_top.png */,
				E55BD08F15EB5F39008882CA /* block_top@2x.png */,
				E55BD09015EB5F39008882CA /* cover_background.png */,
				E55BD09115EB5F39008882CA /* cover_background@2x.png */,
				E55BD09215EB5F39008882CA /* direstraits.png */,
				E55BD09315EB5F39008882CA /* direstraits@2x.png */,
				E55BD09415EB5F39008882CA /* doorvraag_background.png */,
				E55BD09515EB5F39008882CA /* doorvraag_background@2x.png */,
				E55BD09615EB5F39008882CA /* hints_background.png */,
				E55BD09715EB5F39008882CA /* hints_background@2x.png */,
				E55BD09815EB5F39008882CA /* hitfragement_background.png */,
				E55BD09915EB5F39008882CA /* hitfragement_background@2x.png */,
				E55BD09A15EB5F39008882CA /* logo_radio2.png */,
				E55BD09B15EB5F39008882CA /* logo_radio2@2x.png */,
				E55BD09C15EB5F39008882CA /* logo_top2000.png */,
				E55BD09D15EB5F39008882CA /* logo_top2000@2x.png */,
				E55BD09E15EB5F39008882CA /* picture.png */,
				E55BD09F15EB5F39008882CA /* picture@2x.png */,
				E55BD0A015EB5F39008882CA /* picture_background.png */,
				E55BD0A115EB5F39008882CA /* picture_background@2x.png */,
				E55BD0A215EB5F39008882CA /* play.btn.png */,
				E55BD0A315EB5F39008882CA /* play.btn@2x.png */,
				E55BD0A415EB5F39008882CA /* popquiz_background.png */,
				E55BD0A515EB5F39008882CA /* popquiz_background@2x.png */,
				E55BD0A615EB5F39008882CA /* stop_btn.png */,
				E55BD0A715EB5F39008882CA /* stop_btn@2x.png */,
				E55BD0A815EB5F39008882CA /* volgende_btn.png */,
				E55BD0A915EB5F39008882CA /* volgende_btn@2x.png */,
			);
			path = Images;
			sourceTree = "<group>";
		};
		E55BD0AA15EB5F39008882CA /* Nibs */ = {
			isa = PBXGroup;
			children = (
				E5C7DE9315ED563C0088385A /* CoverView~ipad.xib */,
				E5C7DE9415ED563C0088385A /* StartView~ipad.xib */,
				E55BD07815EB5EA8008882CA /* ViewController.xib */,
				E55BD0AC15EB5F39008882CA /* HintsView~ipad.xib */,
				E55BD0AD15EB5F39008882CA /* HitFragmentView~ipad.xib */,
				E55BD0AE15EB5F39008882CA /* MainView~ipad.xib */,
				E55BD0AF15EB5F39008882CA /* PictureView~ipad.xib */,
				E55BD0B015EB5F39008882CA /* PopQuizView~ipad.xib */,
				E55BD0B115EB5F39008882CA /* QuestionsView~ipad.xib */,
			);
			path = Nibs;
			sourceTree = "<group>";
		};
		E55BD15015ECACCA008882CA /* Data */ = {
			isa = PBXGroup;
			children = (
				E55BD15115ECACCA008882CA /* doorvraag.json */,
				E55BD15215ECACCA008882CA /* hints.json */,
				E55BD15315ECACCA008882CA /* hitfragmenten.json */,
				E55BD15415ECACCA008882CA /* hoezen.json */,
				E55BD15515ECACCA008882CA /* popquizvragen.json */,
			);
			path = Data;
			sourceTree = "<group>";
		};
		E55BD15B15ECAE25008882CA /* SBJSON */ = {
			isa = PBXGroup;
			children = (
				E55BD15C15ECAE4D008882CA /* NSObject+SBJson.h */,
				E55BD15D15ECAE4D008882CA /* NSObject+SBJson.m */,
				E55BD15E15ECAE4D008882CA /* SBJson.h */,
				E55BD15F15ECAE4D008882CA /* SBJsonParser.h */,
				E55BD16015ECAE4D008882CA /* SBJsonParser.m */,
				E55BD16115ECAE4D008882CA /* SBJsonStreamParser.h */,
				E55BD16215ECAE4D008882CA /* SBJsonStreamParser.m */,
				E55BD16315ECAE4D008882CA /* SBJsonStreamParserAccumulator.h */,
				E55BD16415ECAE4D008882CA /* SBJsonStreamParserAccumulator.m */,
				E55BD16515ECAE4D008882CA /* SBJsonStreamParserAdapter.h */,
				E55BD16615ECAE4D008882CA /* SBJsonStreamParserAdapter.m */,
				E55BD16715ECAE4D008882CA /* SBJsonStreamParserState.h */,
				E55BD16815ECAE4D008882CA /* SBJsonStreamParserState.m */,
				E55BD16915ECAE4D008882CA /* SBJsonStreamWriter.h */,
				E55BD16A15ECAE4D008882CA /* SBJsonStreamWriter.m */,
				E55BD16B15ECAE4D008882CA /* SBJsonStreamWriterAccumulator.h */,
				E55BD16C15ECAE4D008882CA /* SBJsonStreamWriterAccumulator.m */,
				E55BD16D15ECAE4D008882CA /* SBJsonStreamWriterState.h */,
				E55BD16E15ECAE4D008882CA /* SBJsonStreamWriterState.m */,
				E55BD16F15ECAE4D008882CA /* SBJsonTokeniser.h */,
				E55BD17015ECAE4D008882CA /* SBJsonTokeniser.m */,
				E55BD17115ECAE4D008882CA /* SBJsonUTF8Stream.h */,
				E55BD17215ECAE4D008882CA /* SBJsonUTF8Stream.m */,
				E55BD17315ECAE4D008882CA /* SBJsonWriter.h */,
				E55BD17415ECAE4D008882CA /* SBJsonWriter.m */,
			);
			name = SBJSON;
			sourceTree = "<group>";
		};
/* End PBXGroup section */

/* Begin PBXNativeTarget section */
		E531734E15E6A0AD0085ACD5 /* top2000 */ = {
			isa = PBXNativeTarget;
			buildConfigurationList = E531736D15E6A0AD0085ACD5 /* Build configuration list for PBXNativeTarget "top2000" */;
			buildPhases = (
				E531734B15E6A0AD0085ACD5 /* Sources */,
				E531734C15E6A0AD0085ACD5 /* Frameworks */,
				E531734D15E6A0AD0085ACD5 /* Resources */,
			);
			buildRules = (
			);
			dependencies = (
			);
			name = top2000;
			productName = top2000_ipad;
			productReference = E531734F15E6A0AD0085ACD5 /* top2000.app */;
			productType = "com.apple.product-type.application";
		};
/* End PBXNativeTarget section */

/* Begin PBXProject section */
		E531734615E6A0AD0085ACD5 /* Project object */ = {
			isa = PBXProject;
			attributes = {
				LastUpgradeCheck = 0420;
				ORGANIZATIONNAME = Applike;
			};
			buildConfigurationList = E531734915E6A0AD0085ACD5 /* Build configuration list for PBXProject "top2000" */;
			compatibilityVersion = "Xcode 3.2";
			developmentRegion = English;
			hasScannedForEncodings = 0;
			knownRegions = (
				en,
			);
			mainGroup = E531734415E6A0AD0085ACD5;
			productRefGroup = E531735015E6A0AD0085ACD5 /* Products */;
			projectDirPath = "";
			projectRoot = "";
			targets = (
				E531734E15E6A0AD0085ACD5 /* top2000 */,
			);
		};
/* End PBXProject section */

/* Begin PBXResourcesBuildPhase section */
		E531734D15E6A0AD0085ACD5 /* Resources */ = {
			isa = PBXResourcesBuildPhase;
			buildActionMask = 2147483647;
			files = (
				E55BD07D15EB5EA8008882CA /* InfoPlist.strings in Resources */,
				E55BD07E15EB5EA8008882CA /* ViewController.xib in Resources */,
				E55BD08015EB5EA8008882CA /* top2000-Info.plist in Resources */,
				E55BD0B215EB5F39008882CA /* answer_btn.png in Resources */,
				E55BD0B315EB5F39008882CA /* answer_btn@2x.png in Resources */,
				E55BD0B415EB5F39008882CA /* block_bottom.png in Resources */,
				E55BD0B515EB5F39008882CA /* block_bottom@2x.png in Resources */,
				E55BD0B615EB5F39008882CA /* block_full.png in Resources */,
				E55BD0B715EB5F39008882CA /* block_full@2x.png in Resources */,
				E55BD0B815EB5F39008882CA /* block_left.png in Resources */,
				E55BD0B915EB5F39008882CA /* block_left@2x.png in Resources */,
				E55BD0BA15EB5F39008882CA /* block_right.png in Resources */,
				E55BD0BB15EB5F39008882CA /* block_right@2x.png in Resources */,
				E55BD0BC15EB5F39008882CA /* block_top.png in Resources */,
				E55BD0BD15EB5F39008882CA /* block_top@2x.png in Resources */,
				E55BD0BE15EB5F39008882CA /* cover_background.png in Resources */,
				E55BD0BF15EB5F39008882CA /* cover_background@2x.png in Resources */,
				E55BD0C015EB5F39008882CA /* direstraits.png in Resources */,
				E55BD0C115EB5F39008882CA /* direstraits@2x.png in Resources */,
				E55BD0C215EB5F39008882CA /* doorvraag_background.png in Resources */,
				E55BD0C315EB5F39008882CA /* doorvraag_background@2x.png in Resources */,
				E55BD0C415EB5F39008882CA /* hints_background.png in Resources */,
				E55BD0C515EB5F39008882CA /* hints_background@2x.png in Resources */,
				E55BD0C615EB5F39008882CA /* hitfragement_background.png in Resources */,
				E55BD0C715EB5F39008882CA /* hitfragement_background@2x.png in Resources */,
				E55BD0C815EB5F39008882CA /* logo_radio2.png in Resources */,
				E55BD0C915EB5F39008882CA /* logo_radio2@2x.png in Resources */,
				E55BD0CA15EB5F39008882CA /* logo_top2000.png in Resources */,
				E55BD0CB15EB5F39008882CA /* logo_top2000@2x.png in Resources */,
				E55BD0CC15EB5F39008882CA /* picture.png in Resources */,
				E55BD0CD15EB5F39008882CA /* picture@2x.png in Resources */,
				E55BD0CE15EB5F39008882CA /* picture_background.png in Resources */,
				E55BD0CF15EB5F39008882CA /* picture_background@2x.png in Resources */,
				E55BD0D015EB5F39008882CA /* play.btn.png in Resources */,
				E55BD0D115EB5F39008882CA /* play.btn@2x.png in Resources */,
				E55BD0D215EB5F39008882CA /* popquiz_background.png in Resources */,
				E55BD0D315EB5F39008882CA /* popquiz_background@2x.png in Resources */,
				E55BD0D415EB5F39008882CA /* stop_btn.png in Resources */,
				E55BD0D515EB5F39008882CA /* stop_btn@2x.png in Resources */,
				E55BD0D615EB5F39008882CA /* volgende_btn.png in Resources */,
				E55BD0D715EB5F39008882CA /* volgende_btn@2x.png in Resources */,
				E55BD0D915EB5F39008882CA /* HintsView~ipad.xib in Resources */,
				E55BD0DA15EB5F39008882CA /* HitFragmentView~ipad.xib in Resources */,
				E55BD0DB15EB5F39008882CA /* MainView~ipad.xib in Resources */,
				E55BD0DC15EB5F39008882CA /* PictureView~ipad.xib in Resources */,
				E55BD0DD15EB5F39008882CA /* PopQuizView~ipad.xib in Resources */,
				E55BD0DE15EB5F39008882CA /* QuestionsView~ipad.xib in Resources */,
				E55BD15615ECACCA008882CA /* doorvraag.json in Resources */,
				E55BD15715ECACCA008882CA /* hints.json in Resources */,
				E55BD15815ECACCA008882CA /* hitfragmenten.json in Resources */,
				E55BD15915ECACCA008882CA /* hoezen.json in Resources */,
				E55BD15A15ECACCA008882CA /* popquizvragen.json in Resources */,
				E5C7DE9515ED563C0088385A /* CoverView~ipad.xib in Resources */,
				E5C7DE9615ED563C0088385A /* StartView~ipad.xib in Resources */,
				E5C7DED215ED56C50088385A /* abba.png in Resources */,
				E5C7DED315ED56C50088385A /* abba@2x.png in Resources */,
				E5C7DED415ED56C50088385A /* allman_brothers.png in Resources */,
				E5C7DED515ED56C50088385A /* allman_brothers@2x.png in Resources */,
				E5C7DED615ED56C50088385A /* amy_whinehouse.png in Resources */,
				E5C7DED715ED56C50088385A /* amy_whinehouse@2x.png in Resources */,
				E5C7DED815ED56C50088385A /* bdg.png in Resources */,
				E5C7DED915ED56C50088385A /* bdg@2x.png in Resources */,
				E5C7DEDA15ED56C50088385A /* bonjovi.png in Resources */,
				E5C7DEDB15ED56C50088385A /* bonjovi@2x.png in Resources */,
				E5C7DEDC15ED56C50088385A /* caro_emerald.png in Resources */,
				E5C7DEDD15ED56C50088385A /* caro_emerald@2x.png in Resources */,
				E5C7DEDE15ED56C50088385A /* clapton.png in Resources */,
				E5C7DEDF15ED56C50088385A /* clapton@2x.png in Resources */,
				E5C7DEE015ED56C50088385A /* commodores.png in Resources */,
				E5C7DEE115ED56C50088385A /* commodores@2x.png in Resources */,
				E5C7DEE215ED56C50088385A /* david_bowie.png in Resources */,
				E5C7DEE315ED56C50088385A /* david_bowie@2x.png in Resources */,
				E5C7DEE415ED56C50088385A /* elton_john.png in Resources */,
				E5C7DEE515ED56C50088385A /* elton_john@2x.png in Resources */,
				E5C7DEE615ED56C50088385A /* golden_earring.png in Resources */,
				E5C7DEE715ED56C50088385A /* golden_earring@2x.png in Resources */,
				E5C7DEE815ED56C50088385A /* gunsnroses.png in Resources */,
				E5C7DEE915ED56C50088385A /* gunsnroses@2x.png in Resources */,
				E5C7DEEA15ED56C50088385A /* guus_meeuwis.png in Resources */,
				E5C7DEEB15ED56C50088385A /* guus_meeuwis@2x.png in Resources */,
				E5C7DEEC15ED56C50088385A /* ilse_delange.png in Resources */,
				E5C7DEED15ED56C50088385A /* ilse_delange@2x.png in Resources */,
				E5C7DEEE15ED56C50088385A /* james_brown.png in Resources */,
				E5C7DEEF15ED56C50088385A /* james_brown@2x.png in Resources */,
				E5C7DEF015ED56C50088385A /* kiss.png in Resources */,
				E5C7DEF115ED56C50088385A /* kiss@2x.png in Resources */,
				E5C7DEF215ED56C50088385A /* marco_borsato.png in Resources */,
				E5C7DEF315ED56C50088385A /* marco_borsato@2x.png in Resources */,
				E5C7DEF415ED56C50088385A /* mark_knopfler.png in Resources */,
				E5C7DEF515ED56C50088385A /* mark_knopfler@2x.png in Resources */,
				E5C7DEF615ED56C50088385A /* marvin_gaye.png in Resources */,
				E5C7DEF715ED56C50088385A /* marvin_gaye@2x.png in Resources */,
				E5C7DEF815ED56C50088385A /* queen.png in Resources */,
				E5C7DEF915ED56C50088385A /* queen@2x.png in Resources */,
				E5C7DEFA15ED56C50088385A /* radio2_logo_start.png in Resources */,
				E5C7DEFB15ED56C50088385A /* radio2_logo_start@2x.png in Resources */,
				E5C7DEFC15ED56C50088385A /* single.png in Resources */,
				E5C7DEFD15ED56C50088385A /* single@2x.png in Resources */,
				E5C7DEFE15ED56C50088385A /* start.png in Resources */,
				E5C7DEFF15ED56C50088385A /* start@2x.png in Resources */,
				E5C7DF0015ED56C50088385A /* stevie_wonder.png in Resources */,
				E5C7DF0115ED56C50088385A /* stevie_wonder@2x.png in Resources */,
				E5C7DF0215ED56C50088385A /* sting.png in Resources */,
				E5C7DF0315ED56C50088385A /* sting@2x.png in Resources */,
				E5C7DF0415ED56C50088385A /* the_who.png in Resources */,
				E5C7DF0515ED56C50088385A /* the_who@2x.png in Resources */,
				E5C7DF0615ED56C50088385A /* top2000_logo_start.png in Resources */,
				E5C7DF0715ED56C50088385A /* top2000_logo_start@2x.png in Resources */,
				E5C7DF0815ED56C50088385A /* u2.png in Resources */,
				E5C7DF0915ED56C50088385A /* u2@2x.png in Resources */,
				E5C7DF0A15ED56C50088385A /* whitney_houston.png in Resources */,
				E5C7DF0B15ED56C50088385A /* whitney_houston@2x.png in Resources */,
				E5C7DF0E15ED58310088385A /* donna_summer.png in Resources */,
				E5C7DF0F15ED58310088385A /* donna_summer@2x.png in Resources */,
				E5C7DF1215ED61580088385A /* subtitle_start.png in Resources */,
				E5C7DF1315ED61580088385A /* subtitle_start@2x.png in Resources */,
			);
			runOnlyForDeploymentPostprocessing = 0;
		};
/* End PBXResourcesBuildPhase section */

/* Begin PBXSourcesBuildPhase section */
		E531734B15E6A0AD0085ACD5 /* Sources */ = {
			isa = PBXSourcesBuildPhase;
			buildActionMask = 2147483647;
			files = (
				E55BD07415EB5E68008882CA /* AppDelegate.m in Sources */,
				E55BD07515EB5E68008882CA /* ViewController.m in Sources */,
				E55BD07F15EB5EA8008882CA /* main.m in Sources */,
				E55BD0E115EB5F7D008882CA /* CoverViewController.m in Sources */,
				E55BD0E415EB5F98008882CA /* HintsViewController.m in Sources */,
				E55BD0E715EB5FAF008882CA /* MainViewController.m in Sources */,
				E55BD0EA15EB5FC2008882CA /* HitFragmentViewController.m in Sources */,
				E55BD0ED15EB5FD3008882CA /* PictureViewController.m in Sources */,
				E55BD0F015EB5FE6008882CA /* PopQuizViewController.m in Sources */,
				E55BD0F315EB5FF9008882CA /* QuestionsViewController.m in Sources */,
				E55BD17515ECAE4D008882CA /* NSObject+SBJson.m in Sources */,
				E55BD17615ECAE4D008882CA /* SBJsonParser.m in Sources */,
				E55BD17715ECAE4D008882CA /* SBJsonStreamParser.m in Sources */,
				E55BD17815ECAE4D008882CA /* SBJsonStreamParserAccumulator.m in Sources */,
				E55BD17915ECAE4D008882CA /* SBJsonStreamParserAdapter.m in Sources */,
				E55BD17A15ECAE4D008882CA /* SBJsonStreamParserState.m in Sources */,
				E55BD17B15ECAE4D008882CA /* SBJsonStreamWriter.m in Sources */,
				E55BD17C15ECAE4D008882CA /* SBJsonStreamWriterAccumulator.m in Sources */,
				E55BD17D15ECAE4D008882CA /* SBJsonStreamWriterState.m in Sources */,
				E55BD17E15ECAE4D008882CA /* SBJsonTokeniser.m in Sources */,
				E55BD17F15ECAE4D008882CA /* SBJsonUTF8Stream.m in Sources */,
				E55BD18015ECAE4D008882CA /* SBJsonWriter.m in Sources */,
				E55BD18315ECAEE4008882CA /* DataController.m in Sources */,
				E55BD19315ECBA5F008882CA /* Doorvraag.m in Sources */,
				E55BD19615ECC306008882CA /* Hint.m in Sources */,
				E55BD19915ECC5AB008882CA /* HitFragment.m in Sources */,
				E55BD19C15ECC69F008882CA /* Hoes.m in Sources */,
				E55BD19F15ECC737008882CA /* PopQuizVraag.m in Sources */,
				E55BD1B615ECCB8D008882CA /* GameController.m in Sources */,
			);
			runOnlyForDeploymentPostprocessing = 0;
		};
/* End PBXSourcesBuildPhase section */

/* Begin PBXVariantGroup section */
		E55BD07615EB5EA8008882CA /* InfoPlist.strings */ = {
			isa = PBXVariantGroup;
			children = (
				E55BD07715EB5EA8008882CA /* en */,
			);
			name = InfoPlist.strings;
			sourceTree = "<group>";
		};
		E55BD07815EB5EA8008882CA /* ViewController.xib */ = {
			isa = PBXVariantGroup;
			children = (
				E55BD07915EB5EA8008882CA /* en */,
			);
			name = ViewController.xib;
			path = ../../../top2000_ipad;
			sourceTree = "<group>";
		};
/* End PBXVariantGroup section */

/* Begin XCBuildConfiguration section */
		E531736B15E6A0AD0085ACD5 /* Debug */ = {
			isa = XCBuildConfiguration;
			buildSettings = {
				ALWAYS_SEARCH_USER_PATHS = NO;
				ARCHS = "$(ARCHS_STANDARD_32_BIT)";
				CLANG_ENABLE_OBJC_ARC = YES;
				"CODE_SIGN_IDENTITY[sdk=iphoneos*]" = "iPhone Developer";
				COPY_PHASE_STRIP = NO;
				GCC_C_LANGUAGE_STANDARD = gnu99;
				GCC_DYNAMIC_NO_PIC = NO;
				GCC_OPTIMIZATION_LEVEL = 0;
				GCC_PREPROCESSOR_DEFINITIONS = (
					"DEBUG=1",
					"$(inherited)",
				);
				GCC_SYMBOLS_PRIVATE_EXTERN = NO;
				GCC_VERSION = com.apple.compilers.llvm.clang.1_0;
				GCC_WARN_ABOUT_MISSING_PROTOTYPES = YES;
				GCC_WARN_ABOUT_RETURN_TYPE = YES;
				GCC_WARN_UNUSED_VARIABLE = YES;
				HEADER_SEARCH_PATHS = "";
				IPHONEOS_DEPLOYMENT_TARGET = 5.0;
				OTHER_LDFLAGS = (
					"-all_load",
					"-ObjC",
				);
				SDKROOT = iphoneos;
				STRIP_INSTALLED_PRODUCT = NO;
				TARGETED_DEVICE_FAMILY = 2;
				USER_HEADER_SEARCH_PATHS = "\"$(SRCROOT)/top2000/External/BugSense-iOS.framework\"/**";
			};
			name = Debug;
		};
		E531736C15E6A0AD0085ACD5 /* Release */ = {
			isa = XCBuildConfiguration;
			buildSettings = {
				ALWAYS_SEARCH_USER_PATHS = NO;
				ARCHS = "$(ARCHS_STANDARD_32_BIT)";
				CLANG_ENABLE_OBJC_ARC = YES;
				"CODE_SIGN_IDENTITY[sdk=iphoneos*]" = "iPhone Developer";
				COPY_PHASE_STRIP = NO;
				GCC_C_LANGUAGE_STANDARD = gnu99;
				GCC_VERSION = com.apple.compilers.llvm.clang.1_0;
				GCC_WARN_ABOUT_MISSING_PROTOTYPES = YES;
				GCC_WARN_ABOUT_RETURN_TYPE = YES;
				GCC_WARN_UNUSED_VARIABLE = YES;
				HEADER_SEARCH_PATHS = "";
				IPHONEOS_DEPLOYMENT_TARGET = 5.0;
				OTHER_CFLAGS = "-DNS_BLOCK_ASSERTIONS=1";
				OTHER_LDFLAGS = (
					"-all_load",
					"-ObjC",
				);
				SDKROOT = iphoneos;
				STRIP_INSTALLED_PRODUCT = NO;
				TARGETED_DEVICE_FAMILY = 2;
				USER_HEADER_SEARCH_PATHS = "\"$(SRCROOT)/top2000/External/BugSense-iOS.framework\"/**";
				VALIDATE_PRODUCT = YES;
			};
			name = Release;
		};
		E531736E15E6A0AD0085ACD5 /* Debug */ = {
			isa = XCBuildConfiguration;
			buildSettings = {
				FRAMEWORK_SEARCH_PATHS = (
					"$(inherited)",
					"\"$(SRCROOT)/top2000/External\"",
				);
				GCC_PRECOMPILE_PREFIX_HEADER = YES;
				GCC_PREFIX_HEADER = "top2000/top2000-Prefix.pch";
				INFOPLIST_FILE = "top2000/top2000-Info.plist";
				PRODUCT_NAME = top2000;
				TARGETED_DEVICE_FAMILY = "1,2";
				WRAPPER_EXTENSION = app;
			};
			name = Debug;
		};
		E531736F15E6A0AD0085ACD5 /* Release */ = {
			isa = XCBuildConfiguration;
			buildSettings = {
				FRAMEWORK_SEARCH_PATHS = (
					"$(inherited)",
					"\"$(SRCROOT)/top2000/External\"",
				);
				GCC_PRECOMPILE_PREFIX_HEADER = YES;
				GCC_PREFIX_HEADER = "top2000/top2000-Prefix.pch";
				INFOPLIST_FILE = "top2000/top2000-Info.plist";
				PRODUCT_NAME = top2000;
				TARGETED_DEVICE_FAMILY = "1,2";
				WRAPPER_EXTENSION = app;
			};
			name = Release;
		};
/* End XCBuildConfiguration section */

/* Begin XCConfigurationList section */
		E531734915E6A0AD0085ACD5 /* Build configuration list for PBXProject "top2000" */ = {
			isa = XCConfigurationList;
			buildConfigurations = (
				E531736B15E6A0AD0085ACD5 /* Debug */,
				E531736C15E6A0AD0085ACD5 /* Release */,
			);
			defaultConfigurationIsVisible = 0;
			defaultConfigurationName = Release;
		};
		E531736D15E6A0AD0085ACD5 /* Build configuration list for PBXNativeTarget "top2000" */ = {
			isa = XCConfigurationList;
			buildConfigurations = (
				E531736E15E6A0AD0085ACD5 /* Debug */,
				E531736F15E6A0AD0085ACD5 /* Release */,
			);
			defaultConfigurationIsVisible = 0;
			defaultConfigurationName = Release;
		};
/* End XCConfigurationList section */
	};
	rootObject = E531734615E6A0AD0085ACD5 /* Project object */;
}
